// !$*UTF8*$!
{
	archiveVersion = 1;
	classes = {
	};
	objectVersion = 55;
	objects = {

/* Begin PBXBuildFile section */
		F8233CA82811AA2100536A0F /* Int32+.swift in Sources */ = {isa = PBXBuildFile; fileRef = F8233CA72811AA2100536A0F /* Int32+.swift */; };
		F8233CA92811AA2100536A0F /* Int32+.swift in Sources */ = {isa = PBXBuildFile; fileRef = F8233CA72811AA2100536A0F /* Int32+.swift */; };
		F868D65A280DAD4600EC3D30 /* ATracksApp.swift in Sources */ = {isa = PBXBuildFile; fileRef = F868D64A280DAD4500EC3D30 /* ATracksApp.swift */; };
		F868D65B280DAD4600EC3D30 /* ATracksApp.swift in Sources */ = {isa = PBXBuildFile; fileRef = F868D64A280DAD4500EC3D30 /* ATracksApp.swift */; };
		F868D65C280DAD4600EC3D30 /* TrackListView.swift in Sources */ = {isa = PBXBuildFile; fileRef = F868D64B280DAD4500EC3D30 /* TrackListView.swift */; };
		F868D65D280DAD4600EC3D30 /* TrackListView.swift in Sources */ = {isa = PBXBuildFile; fileRef = F868D64B280DAD4500EC3D30 /* TrackListView.swift */; };
		F868D65E280DAD4600EC3D30 /* Assets.xcassets in Resources */ = {isa = PBXBuildFile; fileRef = F868D64C280DAD4600EC3D30 /* Assets.xcassets */; };
		F868D65F280DAD4600EC3D30 /* Assets.xcassets in Resources */ = {isa = PBXBuildFile; fileRef = F868D64C280DAD4600EC3D30 /* Assets.xcassets */; };
		F868D66D280DAE3200EC3D30 /* ATracks.xcdatamodeld in Sources */ = {isa = PBXBuildFile; fileRef = F868D66B280DAE3200EC3D30 /* ATracks.xcdatamodeld */; };
		F868D66F280DB2E200EC3D30 /* AppInfo.swift in Sources */ = {isa = PBXBuildFile; fileRef = F868D66E280DB2E200EC3D30 /* AppInfo.swift */; };
		F868D671280DB35B00EC3D30 /* CoreDataStack.swift in Sources */ = {isa = PBXBuildFile; fileRef = F868D670280DB35B00EC3D30 /* CoreDataStack.swift */; };
		F868D672280DB35B00EC3D30 /* CoreDataStack.swift in Sources */ = {isa = PBXBuildFile; fileRef = F868D670280DB35B00EC3D30 /* CoreDataStack.swift */; };
		F868D673280DB35F00EC3D30 /* AppInfo.swift in Sources */ = {isa = PBXBuildFile; fileRef = F868D66E280DB2E200EC3D30 /* AppInfo.swift */; };
		F868D675280DB40A00EC3D30 /* Track.swift in Sources */ = {isa = PBXBuildFile; fileRef = F868D674280DB40A00EC3D30 /* Track.swift */; };
		F868D676280DB40A00EC3D30 /* Track.swift in Sources */ = {isa = PBXBuildFile; fileRef = F868D674280DB40A00EC3D30 /* Track.swift */; };
		F868D678280DB44B00EC3D30 /* DataType.swift in Sources */ = {isa = PBXBuildFile; fileRef = F868D677280DB44B00EC3D30 /* DataType.swift */; };
		F868D679280DB44B00EC3D30 /* DataType.swift in Sources */ = {isa = PBXBuildFile; fileRef = F868D677280DB44B00EC3D30 /* DataType.swift */; };
		F868D67B280DB4D300EC3D30 /* TrackPoint.swift in Sources */ = {isa = PBXBuildFile; fileRef = F868D67A280DB4D300EC3D30 /* TrackPoint.swift */; };
		F868D67C280DB4D300EC3D30 /* TrackPoint.swift in Sources */ = {isa = PBXBuildFile; fileRef = F868D67A280DB4D300EC3D30 /* TrackPoint.swift */; };
		F868D67E280DB5DA00EC3D30 /* TrackManager.swift in Sources */ = {isa = PBXBuildFile; fileRef = F868D67D280DB5DA00EC3D30 /* TrackManager.swift */; };
		F868D67F280DB5DA00EC3D30 /* TrackManager.swift in Sources */ = {isa = PBXBuildFile; fileRef = F868D67D280DB5DA00EC3D30 /* TrackManager.swift */; };
		F868D681280DB5F800EC3D30 /* Date+.swift in Sources */ = {isa = PBXBuildFile; fileRef = F868D680280DB5F700EC3D30 /* Date+.swift */; };
		F868D682280DB5F800EC3D30 /* Date+.swift in Sources */ = {isa = PBXBuildFile; fileRef = F868D680280DB5F700EC3D30 /* Date+.swift */; };
		F868D684280DB63400EC3D30 /* LocationManager.swift in Sources */ = {isa = PBXBuildFile; fileRef = F868D683280DB63400EC3D30 /* LocationManager.swift */; };
		F868D688280DBCAA00EC3D30 /* TrackDetailView.swift in Sources */ = {isa = PBXBuildFile; fileRef = F868D687280DBCAA00EC3D30 /* TrackDetailView.swift */; };
		F868D689280DBCAA00EC3D30 /* TrackDetailView.swift in Sources */ = {isa = PBXBuildFile; fileRef = F868D687280DBCAA00EC3D30 /* TrackDetailView.swift */; };
		F868D68B280DBD7400EC3D30 /* TrackRow.swift in Sources */ = {isa = PBXBuildFile; fileRef = F868D68A280DBD7400EC3D30 /* TrackRow.swift */; };
		F868D68C280DBD7400EC3D30 /* TrackRow.swift in Sources */ = {isa = PBXBuildFile; fileRef = F868D68A280DBD7400EC3D30 /* TrackRow.swift */; };
		F868D68E280DC26D00EC3D30 /* ContentView.swift in Sources */ = {isa = PBXBuildFile; fileRef = F868D68D280DC26D00EC3D30 /* ContentView.swift */; };
		F868D68F280DC26D00EC3D30 /* ContentView.swift in Sources */ = {isa = PBXBuildFile; fileRef = F868D68D280DC26D00EC3D30 /* ContentView.swift */; };
		F868D695280DEF9900EC3D30 /* TrackStatsView.swift in Sources */ = {isa = PBXBuildFile; fileRef = F868D694280DEF9900EC3D30 /* TrackStatsView.swift */; };
		F868D696280DEF9900EC3D30 /* TrackStatsView.swift in Sources */ = {isa = PBXBuildFile; fileRef = F868D694280DEF9900EC3D30 /* TrackStatsView.swift */; };
		F868D698280DF99400EC3D30 /* MapView.swift in Sources */ = {isa = PBXBuildFile; fileRef = F868D697280DF99400EC3D30 /* MapView.swift */; };
		F868D69B280E0C2000EC3D30 /* TimeInterval+.swift in Sources */ = {isa = PBXBuildFile; fileRef = F868D69A280E0C2000EC3D30 /* TimeInterval+.swift */; };
		F868D69C280E0C2000EC3D30 /* TimeInterval+.swift in Sources */ = {isa = PBXBuildFile; fileRef = F868D69A280E0C2000EC3D30 /* TimeInterval+.swift */; };
		F868D69E280E143100EC3D30 /* UIView+pin.swift in Sources */ = {isa = PBXBuildFile; fileRef = F868D69D280E143100EC3D30 /* UIView+pin.swift */; };
		F868D6A1280E1FBE00EC3D30 /* MapViewHelper.swift in Sources */ = {isa = PBXBuildFile; fileRef = F868D6A0280E1FBE00EC3D30 /* MapViewHelper.swift */; };
		F868D6A2280E1FBE00EC3D30 /* MapViewHelper.swift in Sources */ = {isa = PBXBuildFile; fileRef = F868D6A0280E1FBE00EC3D30 /* MapViewHelper.swift */; };
		F868D6A7280E298300EC3D30 /* MapViewCoordinator.swift in Sources */ = {isa = PBXBuildFile; fileRef = F868D6A6280E298300EC3D30 /* MapViewCoordinator.swift */; };
		F868D6A8280E298300EC3D30 /* MapViewCoordinator.swift in Sources */ = {isa = PBXBuildFile; fileRef = F868D6A6280E298300EC3D30 /* MapViewCoordinator.swift */; };
		F868D6AA280E2AD000EC3D30 /* MapView.swift in Sources */ = {isa = PBXBuildFile; fileRef = F868D6A9280E2AD000EC3D30 /* MapView.swift */; };
		F868D6AB280E537900EC3D30 /* ATracks.xcdatamodeld in Sources */ = {isa = PBXBuildFile; fileRef = F868D66B280DAE3200EC3D30 /* ATracks.xcdatamodeld */; };
		F868D6B1280EF13800EC3D30 /* Color+.swift in Sources */ = {isa = PBXBuildFile; fileRef = F868D6B0280EF13800EC3D30 /* Color+.swift */; };
		F868D6B2280EF91D00EC3D30 /* Color+.swift in Sources */ = {isa = PBXBuildFile; fileRef = F868D6B0280EF13800EC3D30 /* Color+.swift */; };
		F868D6B5280F06F100EC3D30 /* AAButtonStyle.swift in Sources */ = {isa = PBXBuildFile; fileRef = F868D6B3280F038D00EC3D30 /* AAButtonStyle.swift */; };
		F868D6B8280F10E800EC3D30 /* Color+iOS.swift in Sources */ = {isa = PBXBuildFile; fileRef = F868D6B7280F10E800EC3D30 /* Color+iOS.swift */; };
		F868D6BC280F13F600EC3D30 /* Color+macOS.swift in Sources */ = {isa = PBXBuildFile; fileRef = F868D6BA280F13E200EC3D30 /* Color+macOS.swift */; };
		F868D6BE280F195A00EC3D30 /* Appearance.swift in Sources */ = {isa = PBXBuildFile; fileRef = F868D6BD280F195A00EC3D30 /* Appearance.swift */; };
		F868D6C0280F1A5800EC3D30 /* Appearance.swift in Sources */ = {isa = PBXBuildFile; fileRef = F868D6BF280F1A5800EC3D30 /* Appearance.swift */; };
		F868D6C4280F46C000EC3D30 /* HealthKit.framework in Frameworks */ = {isa = PBXBuildFile; fileRef = F868D6C3280F46C000EC3D30 /* HealthKit.framework */; };
		F868D6C6280F479200EC3D30 /* HealthKitManager.swift in Sources */ = {isa = PBXBuildFile; fileRef = F868D6C5280F479200EC3D30 /* HealthKitManager.swift */; };
		F868D6C8280F6C5000EC3D30 /* SettingsView.swift in Sources */ = {isa = PBXBuildFile; fileRef = F868D6C7280F6C5000EC3D30 /* SettingsView.swift */; };
		F868D6CA280F6C6100EC3D30 /* CodeVersionView.swift in Sources */ = {isa = PBXBuildFile; fileRef = F868D6C9280F6C6100EC3D30 /* CodeVersionView.swift */; };
		F868D6CC281040B000EC3D30 /* LineShape.swift in Sources */ = {isa = PBXBuildFile; fileRef = F868D6CB281040B000EC3D30 /* LineShape.swift */; };
		F868D6D02810430200EC3D30 /* LineShape.swift in Sources */ = {isa = PBXBuildFile; fileRef = F868D6CB281040B000EC3D30 /* LineShape.swift */; };
		F868D6D22810455F00EC3D30 /* TrackPlotView.swift in Sources */ = {isa = PBXBuildFile; fileRef = F868D6D12810455F00EC3D30 /* TrackPlotView.swift */; };
		F868D6D32810455F00EC3D30 /* TrackPlotView.swift in Sources */ = {isa = PBXBuildFile; fileRef = F868D6D12810455F00EC3D30 /* TrackPlotView.swift */; };
		F868D6D52810534600EC3D30 /* TrackHelper.swift in Sources */ = {isa = PBXBuildFile; fileRef = F868D6D42810534600EC3D30 /* TrackHelper.swift */; };
		F868D6D62810534600EC3D30 /* TrackHelper.swift in Sources */ = {isa = PBXBuildFile; fileRef = F868D6D42810534600EC3D30 /* TrackHelper.swift */; };
		F868D6DB2810727300EC3D30 /* Double+.swift in Sources */ = {isa = PBXBuildFile; fileRef = F868D6DA2810727300EC3D30 /* Double+.swift */; };
		F868D6DC2810727300EC3D30 /* Double+.swift in Sources */ = {isa = PBXBuildFile; fileRef = F868D6DA2810727300EC3D30 /* Double+.swift */; };
		F868D6DE28107B8400EC3D30 /* TouchLocatingView.swift in Sources */ = {isa = PBXBuildFile; fileRef = F868D6DD28107B8400EC3D30 /* TouchLocatingView.swift */; };
		F868D6E328109BA300EC3D30 /* Notification.Name+.swift in Sources */ = {isa = PBXBuildFile; fileRef = F868D6E228109BA300EC3D30 /* Notification.Name+.swift */; };
		F868D6E428109BA300EC3D30 /* Notification.Name+.swift in Sources */ = {isa = PBXBuildFile; fileRef = F868D6E228109BA300EC3D30 /* Notification.Name+.swift */; };
		F868D6E628109CA200EC3D30 /* Key.swift in Sources */ = {isa = PBXBuildFile; fileRef = F868D6E528109CA200EC3D30 /* Key.swift */; };
		F868D6E728109CA200EC3D30 /* Key.swift in Sources */ = {isa = PBXBuildFile; fileRef = F868D6E528109CA200EC3D30 /* Key.swift */; };
		F868D6E92810B1E500EC3D30 /* AAPointAnnotation.swift in Sources */ = {isa = PBXBuildFile; fileRef = F868D6E82810B1E500EC3D30 /* AAPointAnnotation.swift */; };
		F868D6EA2810B1E500EC3D30 /* AAPointAnnotation.swift in Sources */ = {isa = PBXBuildFile; fileRef = F868D6E82810B1E500EC3D30 /* AAPointAnnotation.swift */; };
		F8821A9D28124B0F00A21781 /* TrackHelperTests.swift in Sources */ = {isa = PBXBuildFile; fileRef = F8821A9C28124B0F00A21781 /* TrackHelperTests.swift */; };
		F8821AA7281310D600A21781 /* LocationManagerTests.swift in Sources */ = {isa = PBXBuildFile; fileRef = F8821AA6281310D600A21781 /* LocationManagerTests.swift */; };
		F8821AA92813877600A21781 /* AboutView.swift in Sources */ = {isa = PBXBuildFile; fileRef = F8821AA82813877600A21781 /* AboutView.swift */; };
		F8821AAB2813879F00A21781 /* LegalView.swift in Sources */ = {isa = PBXBuildFile; fileRef = F8821AAA2813879F00A21781 /* LegalView.swift */; };
		F8821AAD281397D600A21781 /* MailView.swift in Sources */ = {isa = PBXBuildFile; fileRef = F8821AAC281397D600A21781 /* MailView.swift */; };
		F8821AB22813A69500A21781 /* NavigationLink+.swift in Sources */ = {isa = PBXBuildFile; fileRef = F8821AB12813A69500A21781 /* NavigationLink+.swift */; };
		F8D3FFCD2819A5FB00887790 /* LocationServicesView.swift in Sources */ = {isa = PBXBuildFile; fileRef = F8D3FFCC2819A5FB00887790 /* LocationServicesView.swift */; };
		F8F686FC2814E7B000991442 /* DataStateHelper.swift in Sources */ = {isa = PBXBuildFile; fileRef = F8F686FB2814E7B000991442 /* DataStateHelper.swift */; };
		F8F686FD2814E7B000991442 /* DataStateHelper.swift in Sources */ = {isa = PBXBuildFile; fileRef = F8F686FB2814E7B000991442 /* DataStateHelper.swift */; };
		F8F686FF2814E99B00991442 /* LocationManagerSettings.swift in Sources */ = {isa = PBXBuildFile; fileRef = F8F686FE2814E99B00991442 /* LocationManagerSettings.swift */; };
		F8F687022814EA8300991442 /* SwitchView.swift in Sources */ = {isa = PBXBuildFile; fileRef = F8F687012814EA8300991442 /* SwitchView.swift */; };
		F8F687042814F90100991442 /* Func.swift in Sources */ = {isa = PBXBuildFile; fileRef = F8F687032814F90100991442 /* Func.swift */; };
		F8F687052814F90100991442 /* Func.swift in Sources */ = {isa = PBXBuildFile; fileRef = F8F687032814F90100991442 /* Func.swift */; };
		F8F68707281589A600991442 /* View+.swift in Sources */ = {isa = PBXBuildFile; fileRef = F8F68706281589A600991442 /* View+.swift */; };
		F8F68708281589A600991442 /* View+.swift in Sources */ = {isa = PBXBuildFile; fileRef = F8F68706281589A600991442 /* View+.swift */; };
		F8F6870A28158D6300991442 /* CLLocationCoordinate2D+.swift in Sources */ = {isa = PBXBuildFile; fileRef = F8F6870928158D6300991442 /* CLLocationCoordinate2D+.swift */; };
		F8F6870B28158D6300991442 /* CLLocationCoordinate2D+.swift in Sources */ = {isa = PBXBuildFile; fileRef = F8F6870928158D6300991442 /* CLLocationCoordinate2D+.swift */; };
		F8F6870D2815AAC000991442 /* AAToggleStyle.swift in Sources */ = {isa = PBXBuildFile; fileRef = F8F6870C2815AAC000991442 /* AAToggleStyle.swift */; };
		F8F6870F2815EE6200991442 /* SettingsSectionView.swift in Sources */ = {isa = PBXBuildFile; fileRef = F8F6870E2815EE6200991442 /* SettingsSectionView.swift */; };
		F8F687112816F7BD00991442 /* AALabelWithPadding.swift in Sources */ = {isa = PBXBuildFile; fileRef = F8F687102816F7BD00991442 /* AALabelWithPadding.swift */; };
		F8F687142816FC7100991442 /* NSView+.swift in Sources */ = {isa = PBXBuildFile; fileRef = F8F687122816FC4200991442 /* NSView+.swift */; };
		F8F6877628189FFB00991442 /* CloudKit.framework in Frameworks */ = {isa = PBXBuildFile; fileRef = F8F6877528189FFB00991442 /* CloudKit.framework */; };
		F8F687782818A05000991442 /* CloudKit.framework in Frameworks */ = {isa = PBXBuildFile; fileRef = F8F687772818A05000991442 /* CloudKit.framework */; };
/* End PBXBuildFile section */

/* Begin PBXContainerItemProxy section */
		F8821A9E28124B0F00A21781 /* PBXContainerItemProxy */ = {
			isa = PBXContainerItemProxy;
			containerPortal = F868D645280DAD4500EC3D30 /* Project object */;
			proxyType = 1;
			remoteGlobalIDString = F868D650280DAD4600EC3D30;
			remoteInfo = "ATracks (iOS)";
		};
/* End PBXContainerItemProxy section */

/* Begin PBXFileReference section */
		F8233CA72811AA2100536A0F /* Int32+.swift */ = {isa = PBXFileReference; lastKnownFileType = sourcecode.swift; path = "Int32+.swift"; sourceTree = "<group>"; };
		F868D64A280DAD4500EC3D30 /* ATracksApp.swift */ = {isa = PBXFileReference; lastKnownFileType = sourcecode.swift; path = ATracksApp.swift; sourceTree = "<group>"; };
		F868D64B280DAD4500EC3D30 /* TrackListView.swift */ = {isa = PBXFileReference; lastKnownFileType = sourcecode.swift; path = TrackListView.swift; sourceTree = "<group>"; };
		F868D64C280DAD4600EC3D30 /* Assets.xcassets */ = {isa = PBXFileReference; lastKnownFileType = folder.assetcatalog; path = Assets.xcassets; sourceTree = "<group>"; };
		F868D651280DAD4600EC3D30 /* ATracks.app */ = {isa = PBXFileReference; explicitFileType = wrapper.application; includeInIndex = 0; path = ATracks.app; sourceTree = BUILT_PRODUCTS_DIR; };
		F868D657280DAD4600EC3D30 /* ATracks.app */ = {isa = PBXFileReference; explicitFileType = wrapper.application; includeInIndex = 0; path = ATracks.app; sourceTree = BUILT_PRODUCTS_DIR; };
		F868D659280DAD4600EC3D30 /* macOS.entitlements */ = {isa = PBXFileReference; lastKnownFileType = text.plist.entitlements; path = macOS.entitlements; sourceTree = "<group>"; };
		F868D66C280DAE3200EC3D30 /* ATracks.xcdatamodel */ = {isa = PBXFileReference; lastKnownFileType = wrapper.xcdatamodel; path = ATracks.xcdatamodel; sourceTree = "<group>"; };
		F868D66E280DB2E200EC3D30 /* AppInfo.swift */ = {isa = PBXFileReference; lastKnownFileType = sourcecode.swift; path = AppInfo.swift; sourceTree = "<group>"; };
		F868D670280DB35B00EC3D30 /* CoreDataStack.swift */ = {isa = PBXFileReference; lastKnownFileType = sourcecode.swift; path = CoreDataStack.swift; sourceTree = "<group>"; };
		F868D674280DB40A00EC3D30 /* Track.swift */ = {isa = PBXFileReference; lastKnownFileType = sourcecode.swift; path = Track.swift; sourceTree = "<group>"; };
		F868D677280DB44B00EC3D30 /* DataType.swift */ = {isa = PBXFileReference; lastKnownFileType = sourcecode.swift; path = DataType.swift; sourceTree = "<group>"; };
		F868D67A280DB4D300EC3D30 /* TrackPoint.swift */ = {isa = PBXFileReference; lastKnownFileType = sourcecode.swift; path = TrackPoint.swift; sourceTree = "<group>"; };
		F868D67D280DB5DA00EC3D30 /* TrackManager.swift */ = {isa = PBXFileReference; lastKnownFileType = sourcecode.swift; path = TrackManager.swift; sourceTree = "<group>"; };
		F868D680280DB5F700EC3D30 /* Date+.swift */ = {isa = PBXFileReference; lastKnownFileType = sourcecode.swift; path = "Date+.swift"; sourceTree = "<group>"; };
		F868D683280DB63400EC3D30 /* LocationManager.swift */ = {isa = PBXFileReference; lastKnownFileType = sourcecode.swift; path = LocationManager.swift; sourceTree = "<group>"; };
		F868D686280DB8AC00EC3D30 /* ATracks--iOS--Info.plist */ = {isa = PBXFileReference; lastKnownFileType = text.plist; path = "ATracks--iOS--Info.plist"; sourceTree = "<group>"; };
		F868D687280DBCAA00EC3D30 /* TrackDetailView.swift */ = {isa = PBXFileReference; lastKnownFileType = sourcecode.swift; path = TrackDetailView.swift; sourceTree = "<group>"; };
		F868D68A280DBD7400EC3D30 /* TrackRow.swift */ = {isa = PBXFileReference; lastKnownFileType = sourcecode.swift; path = TrackRow.swift; sourceTree = "<group>"; };
		F868D68D280DC26D00EC3D30 /* ContentView.swift */ = {isa = PBXFileReference; lastKnownFileType = sourcecode.swift; path = ContentView.swift; sourceTree = "<group>"; };
		F868D694280DEF9900EC3D30 /* TrackStatsView.swift */ = {isa = PBXFileReference; lastKnownFileType = sourcecode.swift; path = TrackStatsView.swift; sourceTree = "<group>"; };
		F868D697280DF99400EC3D30 /* MapView.swift */ = {isa = PBXFileReference; lastKnownFileType = sourcecode.swift; path = MapView.swift; sourceTree = "<group>"; };
		F868D69A280E0C2000EC3D30 /* TimeInterval+.swift */ = {isa = PBXFileReference; lastKnownFileType = sourcecode.swift; path = "TimeInterval+.swift"; sourceTree = "<group>"; };
		F868D69D280E143100EC3D30 /* UIView+pin.swift */ = {isa = PBXFileReference; lastKnownFileType = sourcecode.swift; path = "UIView+pin.swift"; sourceTree = "<group>"; };
		F868D6A0280E1FBE00EC3D30 /* MapViewHelper.swift */ = {isa = PBXFileReference; lastKnownFileType = sourcecode.swift; path = MapViewHelper.swift; sourceTree = "<group>"; };
		F868D6A6280E298300EC3D30 /* MapViewCoordinator.swift */ = {isa = PBXFileReference; lastKnownFileType = sourcecode.swift; path = MapViewCoordinator.swift; sourceTree = "<group>"; };
		F868D6A9280E2AD000EC3D30 /* MapView.swift */ = {isa = PBXFileReference; lastKnownFileType = sourcecode.swift; path = MapView.swift; sourceTree = "<group>"; };
		F868D6B0280EF13800EC3D30 /* Color+.swift */ = {isa = PBXFileReference; lastKnownFileType = sourcecode.swift; path = "Color+.swift"; sourceTree = "<group>"; };
		F868D6B3280F038D00EC3D30 /* AAButtonStyle.swift */ = {isa = PBXFileReference; lastKnownFileType = sourcecode.swift; path = AAButtonStyle.swift; sourceTree = "<group>"; };
		F868D6B7280F10E800EC3D30 /* Color+iOS.swift */ = {isa = PBXFileReference; lastKnownFileType = sourcecode.swift; path = "Color+iOS.swift"; sourceTree = "<group>"; };
		F868D6BA280F13E200EC3D30 /* Color+macOS.swift */ = {isa = PBXFileReference; lastKnownFileType = sourcecode.swift; path = "Color+macOS.swift"; sourceTree = "<group>"; };
		F868D6BD280F195A00EC3D30 /* Appearance.swift */ = {isa = PBXFileReference; lastKnownFileType = sourcecode.swift; path = Appearance.swift; sourceTree = "<group>"; };
		F868D6BF280F1A5800EC3D30 /* Appearance.swift */ = {isa = PBXFileReference; lastKnownFileType = sourcecode.swift; path = Appearance.swift; sourceTree = "<group>"; };
		F868D6C1280F46BF00EC3D30 /* ATracks (iOS).entitlements */ = {isa = PBXFileReference; lastKnownFileType = text.plist.entitlements; path = "ATracks (iOS).entitlements"; sourceTree = "<group>"; };
		F868D6C3280F46C000EC3D30 /* HealthKit.framework */ = {isa = PBXFileReference; lastKnownFileType = wrapper.framework; name = HealthKit.framework; path = Platforms/iPhoneOS.platform/Developer/SDKs/iPhoneOS15.4.sdk/System/Library/Frameworks/HealthKit.framework; sourceTree = DEVELOPER_DIR; };
		F868D6C5280F479200EC3D30 /* HealthKitManager.swift */ = {isa = PBXFileReference; lastKnownFileType = sourcecode.swift; path = HealthKitManager.swift; sourceTree = "<group>"; };
		F868D6C7280F6C5000EC3D30 /* SettingsView.swift */ = {isa = PBXFileReference; lastKnownFileType = sourcecode.swift; path = SettingsView.swift; sourceTree = "<group>"; };
		F868D6C9280F6C6100EC3D30 /* CodeVersionView.swift */ = {isa = PBXFileReference; lastKnownFileType = sourcecode.swift; path = CodeVersionView.swift; sourceTree = "<group>"; };
		F868D6CB281040B000EC3D30 /* LineShape.swift */ = {isa = PBXFileReference; lastKnownFileType = sourcecode.swift; path = LineShape.swift; sourceTree = "<group>"; };
		F868D6D12810455F00EC3D30 /* TrackPlotView.swift */ = {isa = PBXFileReference; lastKnownFileType = sourcecode.swift; path = TrackPlotView.swift; sourceTree = "<group>"; };
		F868D6D42810534600EC3D30 /* TrackHelper.swift */ = {isa = PBXFileReference; lastKnownFileType = sourcecode.swift; path = TrackHelper.swift; sourceTree = "<group>"; };
		F868D6DA2810727300EC3D30 /* Double+.swift */ = {isa = PBXFileReference; lastKnownFileType = sourcecode.swift; path = "Double+.swift"; sourceTree = "<group>"; };
		F868D6DD28107B8400EC3D30 /* TouchLocatingView.swift */ = {isa = PBXFileReference; lastKnownFileType = sourcecode.swift; path = TouchLocatingView.swift; sourceTree = "<group>"; };
		F868D6E228109BA300EC3D30 /* Notification.Name+.swift */ = {isa = PBXFileReference; lastKnownFileType = sourcecode.swift; path = "Notification.Name+.swift"; sourceTree = "<group>"; };
		F868D6E528109CA200EC3D30 /* Key.swift */ = {isa = PBXFileReference; lastKnownFileType = sourcecode.swift; path = Key.swift; sourceTree = "<group>"; };
		F868D6E82810B1E500EC3D30 /* AAPointAnnotation.swift */ = {isa = PBXFileReference; lastKnownFileType = sourcecode.swift; path = AAPointAnnotation.swift; sourceTree = "<group>"; };
		F8821A9A28124B0F00A21781 /* ATracksTests.xctest */ = {isa = PBXFileReference; explicitFileType = wrapper.cfbundle; includeInIndex = 0; path = ATracksTests.xctest; sourceTree = BUILT_PRODUCTS_DIR; };
		F8821A9C28124B0F00A21781 /* TrackHelperTests.swift */ = {isa = PBXFileReference; lastKnownFileType = sourcecode.swift; path = TrackHelperTests.swift; sourceTree = "<group>"; };
		F8821AA6281310D600A21781 /* LocationManagerTests.swift */ = {isa = PBXFileReference; lastKnownFileType = sourcecode.swift; path = LocationManagerTests.swift; sourceTree = "<group>"; };
		F8821AA82813877600A21781 /* AboutView.swift */ = {isa = PBXFileReference; lastKnownFileType = sourcecode.swift; path = AboutView.swift; sourceTree = "<group>"; };
		F8821AAA2813879F00A21781 /* LegalView.swift */ = {isa = PBXFileReference; lastKnownFileType = sourcecode.swift; path = LegalView.swift; sourceTree = "<group>"; };
		F8821AAC281397D600A21781 /* MailView.swift */ = {isa = PBXFileReference; lastKnownFileType = sourcecode.swift; path = MailView.swift; sourceTree = "<group>"; };
		F8821AB12813A69500A21781 /* NavigationLink+.swift */ = {isa = PBXFileReference; lastKnownFileType = sourcecode.swift; path = "NavigationLink+.swift"; sourceTree = "<group>"; };
		F8D3FFCC2819A5FB00887790 /* LocationServicesView.swift */ = {isa = PBXFileReference; lastKnownFileType = sourcecode.swift; path = LocationServicesView.swift; sourceTree = "<group>"; };
		F8F686FB2814E7B000991442 /* DataStateHelper.swift */ = {isa = PBXFileReference; lastKnownFileType = sourcecode.swift; path = DataStateHelper.swift; sourceTree = "<group>"; };
		F8F686FE2814E99B00991442 /* LocationManagerSettings.swift */ = {isa = PBXFileReference; lastKnownFileType = sourcecode.swift; path = LocationManagerSettings.swift; sourceTree = "<group>"; };
		F8F687012814EA8300991442 /* SwitchView.swift */ = {isa = PBXFileReference; lastKnownFileType = sourcecode.swift; path = SwitchView.swift; sourceTree = "<group>"; };
		F8F687032814F90100991442 /* Func.swift */ = {isa = PBXFileReference; lastKnownFileType = sourcecode.swift; path = Func.swift; sourceTree = "<group>"; };
		F8F68706281589A600991442 /* View+.swift */ = {isa = PBXFileReference; lastKnownFileType = sourcecode.swift; path = "View+.swift"; sourceTree = "<group>"; };
		F8F6870928158D6300991442 /* CLLocationCoordinate2D+.swift */ = {isa = PBXFileReference; lastKnownFileType = sourcecode.swift; path = "CLLocationCoordinate2D+.swift"; sourceTree = "<group>"; };
		F8F6870C2815AAC000991442 /* AAToggleStyle.swift */ = {isa = PBXFileReference; lastKnownFileType = sourcecode.swift; path = AAToggleStyle.swift; sourceTree = "<group>"; };
		F8F6870E2815EE6200991442 /* SettingsSectionView.swift */ = {isa = PBXFileReference; lastKnownFileType = sourcecode.swift; path = SettingsSectionView.swift; sourceTree = "<group>"; };
		F8F687102816F7BD00991442 /* AALabelWithPadding.swift */ = {isa = PBXFileReference; lastKnownFileType = sourcecode.swift; path = AALabelWithPadding.swift; sourceTree = "<group>"; };
		F8F687122816FC4200991442 /* NSView+.swift */ = {isa = PBXFileReference; lastKnownFileType = sourcecode.swift; path = "NSView+.swift"; sourceTree = "<group>"; };
		F8F68774281851F800991442 /* ATracks 2.xcdatamodel */ = {isa = PBXFileReference; lastKnownFileType = wrapper.xcdatamodel; path = "ATracks 2.xcdatamodel"; sourceTree = "<group>"; };
		F8F6877528189FFB00991442 /* CloudKit.framework */ = {isa = PBXFileReference; lastKnownFileType = wrapper.framework; name = CloudKit.framework; path = System/Library/Frameworks/CloudKit.framework; sourceTree = SDKROOT; };
		F8F687772818A05000991442 /* CloudKit.framework */ = {isa = PBXFileReference; lastKnownFileType = wrapper.framework; name = CloudKit.framework; path = Platforms/iPhoneOS.platform/Developer/SDKs/iPhoneOS15.4.sdk/System/Library/Frameworks/CloudKit.framework; sourceTree = DEVELOPER_DIR; };
		F8F687A8281979AC00991442 /* ATracks 3.xcdatamodel */ = {isa = PBXFileReference; lastKnownFileType = wrapper.xcdatamodel; path = "ATracks 3.xcdatamodel"; sourceTree = "<group>"; };
/* End PBXFileReference section */

/* Begin PBXFrameworksBuildPhase section */
		F868D64E280DAD4600EC3D30 /* Frameworks */ = {
			isa = PBXFrameworksBuildPhase;
			buildActionMask = 2147483647;
			files = (
				F868D6C4280F46C000EC3D30 /* HealthKit.framework in Frameworks */,
				F8F687782818A05000991442 /* CloudKit.framework in Frameworks */,
			);
			runOnlyForDeploymentPostprocessing = 0;
		};
		F868D654280DAD4600EC3D30 /* Frameworks */ = {
			isa = PBXFrameworksBuildPhase;
			buildActionMask = 2147483647;
			files = (
				F8F6877628189FFB00991442 /* CloudKit.framework in Frameworks */,
			);
			runOnlyForDeploymentPostprocessing = 0;
		};
		F8821A9728124B0F00A21781 /* Frameworks */ = {
			isa = PBXFrameworksBuildPhase;
			buildActionMask = 2147483647;
			files = (
			);
			runOnlyForDeploymentPostprocessing = 0;
		};
/* End PBXFrameworksBuildPhase section */

/* Begin PBXGroup section */
		F868D644280DAD4500EC3D30 = {
			isa = PBXGroup;
			children = (
				F868D6C1280F46BF00EC3D30 /* ATracks (iOS).entitlements */,
				F868D686280DB8AC00EC3D30 /* ATracks--iOS--Info.plist */,
				F868D649280DAD4500EC3D30 /* Shared */,
				F868D690280DEBFB00EC3D30 /* iOS */,
				F868D658280DAD4600EC3D30 /* macOS */,
				F8821A9B28124B0F00A21781 /* ATracksTests */,
				F868D652280DAD4600EC3D30 /* Products */,
				F868D6C2280F46C000EC3D30 /* Frameworks */,
			);
			sourceTree = "<group>";
		};
		F868D649280DAD4500EC3D30 /* Shared */ = {
			isa = PBXGroup;
			children = (
				F868D64A280DAD4500EC3D30 /* ATracksApp.swift */,
				F8821AA32812EE1F00A21781 /* Extensions */,
				F868D66A280DADF000EC3D30 /* Helpers */,
				F868D668280DADDC00EC3D30 /* Model */,
				F868D669280DADE400EC3D30 /* Views */,
			);
			path = Shared;
			sourceTree = "<group>";
		};
		F868D652280DAD4600EC3D30 /* Products */ = {
			isa = PBXGroup;
			children = (
				F868D651280DAD4600EC3D30 /* ATracks.app */,
				F868D657280DAD4600EC3D30 /* ATracks.app */,
				F8821A9A28124B0F00A21781 /* ATracksTests.xctest */,
			);
			name = Products;
			sourceTree = "<group>";
		};
		F868D658280DAD4600EC3D30 /* macOS */ = {
			isa = PBXGroup;
			children = (
				F8821AA52812EF5D00A21781 /* macExtensions */,
				F868D6B9280F13CA00EC3D30 /* macHelpers */,
				F868D659280DAD4600EC3D30 /* macOS.entitlements */,
				F868D6AE280EF07C00EC3D30 /* macViews */,
			);
			path = macOS;
			sourceTree = "<group>";
		};
		F868D668280DADDC00EC3D30 /* Model */ = {
			isa = PBXGroup;
			children = (
				F868D66B280DAE3200EC3D30 /* ATracks.xcdatamodeld */,
				F868D670280DB35B00EC3D30 /* CoreDataStack.swift */,
				F868D677280DB44B00EC3D30 /* DataType.swift */,
				F868D674280DB40A00EC3D30 /* Track.swift */,
				F868D67D280DB5DA00EC3D30 /* TrackManager.swift */,
				F868D67A280DB4D300EC3D30 /* TrackPoint.swift */,
			);
			path = Model;
			sourceTree = "<group>";
		};
		F868D669280DADE400EC3D30 /* Views */ = {
			isa = PBXGroup;
			children = (
				F868D68D280DC26D00EC3D30 /* ContentView.swift */,
				F868D6CB281040B000EC3D30 /* LineShape.swift */,
				F868D687280DBCAA00EC3D30 /* TrackDetailView.swift */,
				F868D64B280DAD4500EC3D30 /* TrackListView.swift */,
				F868D6D12810455F00EC3D30 /* TrackPlotView.swift */,
				F868D694280DEF9900EC3D30 /* TrackStatsView.swift */,
				F868D68A280DBD7400EC3D30 /* TrackRow.swift */,
			);
			path = Views;
			sourceTree = "<group>";
		};
		F868D66A280DADF000EC3D30 /* Helpers */ = {
			isa = PBXGroup;
			children = (
				F868D6E82810B1E500EC3D30 /* AAPointAnnotation.swift */,
				F868D66E280DB2E200EC3D30 /* AppInfo.swift */,
				F868D64C280DAD4600EC3D30 /* Assets.xcassets */,
				F8F686FB2814E7B000991442 /* DataStateHelper.swift */,
				F8F687032814F90100991442 /* Func.swift */,
				F868D6E528109CA200EC3D30 /* Key.swift */,
				F868D6A6280E298300EC3D30 /* MapViewCoordinator.swift */,
				F868D6A0280E1FBE00EC3D30 /* MapViewHelper.swift */,
				F868D6D42810534600EC3D30 /* TrackHelper.swift */,
			);
			path = Helpers;
			sourceTree = "<group>";
		};
		F868D690280DEBFB00EC3D30 /* iOS */ = {
			isa = PBXGroup;
			children = (
				F8821AA42812EF4700A21781 /* iExtensions */,
				F868D6AD280EF06F00EC3D30 /* iHelpers */,
				F868D6AC280EF06800EC3D30 /* iViews */,
			);
			path = iOS;
			sourceTree = "<group>";
		};
		F868D6AC280EF06800EC3D30 /* iViews */ = {
			isa = PBXGroup;
			children = (
				F8D3FFCC2819A5FB00887790 /* LocationServicesView.swift */,
				F868D697280DF99400EC3D30 /* MapView.swift */,
				F868D6C7280F6C5000EC3D30 /* SettingsView.swift */,
				F868D6DD28107B8400EC3D30 /* TouchLocatingView.swift */,
				F8821AB028139EFC00A21781 /* SettingsViews */,
			);
			path = iViews;
			sourceTree = "<group>";
		};
		F868D6AD280EF06F00EC3D30 /* iHelpers */ = {
			isa = PBXGroup;
			children = (
				F868D6B3280F038D00EC3D30 /* AAButtonStyle.swift */,
				F8F687102816F7BD00991442 /* AALabelWithPadding.swift */,
				F8F6870C2815AAC000991442 /* AAToggleStyle.swift */,
				F868D6BD280F195A00EC3D30 /* Appearance.swift */,
				F868D6C5280F479200EC3D30 /* HealthKitManager.swift */,
				F868D683280DB63400EC3D30 /* LocationManager.swift */,
				F8F686FE2814E99B00991442 /* LocationManagerSettings.swift */,
			);
			path = iHelpers;
			sourceTree = "<group>";
		};
		F868D6AE280EF07C00EC3D30 /* macViews */ = {
			isa = PBXGroup;
			children = (
				F868D6A9280E2AD000EC3D30 /* MapView.swift */,
			);
			path = macViews;
			sourceTree = "<group>";
		};
		F868D6B9280F13CA00EC3D30 /* macHelpers */ = {
			isa = PBXGroup;
			children = (
				F868D6BF280F1A5800EC3D30 /* Appearance.swift */,
			);
			path = macHelpers;
			sourceTree = "<group>";
		};
		F868D6C2280F46C000EC3D30 /* Frameworks */ = {
			isa = PBXGroup;
			children = (
				F8F687772818A05000991442 /* CloudKit.framework */,
				F8F6877528189FFB00991442 /* CloudKit.framework */,
				F868D6C3280F46C000EC3D30 /* HealthKit.framework */,
			);
			name = Frameworks;
			sourceTree = "<group>";
		};
		F8821A9B28124B0F00A21781 /* ATracksTests */ = {
			isa = PBXGroup;
			children = (
				F8821A9C28124B0F00A21781 /* TrackHelperTests.swift */,
				F8821AA6281310D600A21781 /* LocationManagerTests.swift */,
			);
			path = ATracksTests;
			sourceTree = "<group>";
		};
		F8821AA32812EE1F00A21781 /* Extensions */ = {
			isa = PBXGroup;
			children = (
				F868D6B0280EF13800EC3D30 /* Color+.swift */,
				F8F6870928158D6300991442 /* CLLocationCoordinate2D+.swift */,
				F868D680280DB5F700EC3D30 /* Date+.swift */,
				F868D6DA2810727300EC3D30 /* Double+.swift */,
				F8233CA72811AA2100536A0F /* Int32+.swift */,
				F868D6E228109BA300EC3D30 /* Notification.Name+.swift */,
				F868D69A280E0C2000EC3D30 /* TimeInterval+.swift */,
				F8F68706281589A600991442 /* View+.swift */,
			);
			path = Extensions;
			sourceTree = "<group>";
		};
		F8821AA42812EF4700A21781 /* iExtensions */ = {
			isa = PBXGroup;
			children = (
				F868D6B7280F10E800EC3D30 /* Color+iOS.swift */,
				F8821AB12813A69500A21781 /* NavigationLink+.swift */,
				F868D69D280E143100EC3D30 /* UIView+pin.swift */,
			);
			path = iExtensions;
			sourceTree = "<group>";
		};
		F8821AA52812EF5D00A21781 /* macExtensions */ = {
			isa = PBXGroup;
			children = (
				F868D6BA280F13E200EC3D30 /* Color+macOS.swift */,
				F8F687122816FC4200991442 /* NSView+.swift */,
			);
			path = macExtensions;
			sourceTree = "<group>";
		};
		F8821AB028139EFC00A21781 /* SettingsViews */ = {
			isa = PBXGroup;
			children = (
				F8821AA82813877600A21781 /* AboutView.swift */,
				F868D6C9280F6C6100EC3D30 /* CodeVersionView.swift */,
				F8821AAA2813879F00A21781 /* LegalView.swift */,
				F8821AAC281397D600A21781 /* MailView.swift */,
				F8F6870E2815EE6200991442 /* SettingsSectionView.swift */,
				F8F687012814EA8300991442 /* SwitchView.swift */,
			);
			path = SettingsViews;
			sourceTree = "<group>";
		};
/* End PBXGroup section */

/* Begin PBXNativeTarget section */
		F868D650280DAD4600EC3D30 /* ATracks (iOS) */ = {
			isa = PBXNativeTarget;
			buildConfigurationList = F868D662280DAD4600EC3D30 /* Build configuration list for PBXNativeTarget "ATracks (iOS)" */;
			buildPhases = (
				F868D64D280DAD4600EC3D30 /* Sources */,
				F868D64E280DAD4600EC3D30 /* Frameworks */,
				F868D64F280DAD4600EC3D30 /* Resources */,
			);
			buildRules = (
			);
			dependencies = (
			);
			name = "ATracks (iOS)";
			productName = "ATracks (iOS)";
			productReference = F868D651280DAD4600EC3D30 /* ATracks.app */;
			productType = "com.apple.product-type.application";
		};
		F868D656280DAD4600EC3D30 /* ATracks (macOS) */ = {
			isa = PBXNativeTarget;
			buildConfigurationList = F868D665280DAD4600EC3D30 /* Build configuration list for PBXNativeTarget "ATracks (macOS)" */;
			buildPhases = (
				F868D653280DAD4600EC3D30 /* Sources */,
				F868D654280DAD4600EC3D30 /* Frameworks */,
				F868D655280DAD4600EC3D30 /* Resources */,
			);
			buildRules = (
			);
			dependencies = (
			);
			name = "ATracks (macOS)";
			productName = "ATracks (macOS)";
			productReference = F868D657280DAD4600EC3D30 /* ATracks.app */;
			productType = "com.apple.product-type.application";
		};
		F8821A9928124B0F00A21781 /* ATracksTests */ = {
			isa = PBXNativeTarget;
			buildConfigurationList = F8821AA228124B0F00A21781 /* Build configuration list for PBXNativeTarget "ATracksTests" */;
			buildPhases = (
				F8821A9628124B0F00A21781 /* Sources */,
				F8821A9728124B0F00A21781 /* Frameworks */,
				F8821A9828124B0F00A21781 /* Resources */,
			);
			buildRules = (
			);
			dependencies = (
				F8821A9F28124B0F00A21781 /* PBXTargetDependency */,
			);
			name = ATracksTests;
			productName = ATracksTests;
			productReference = F8821A9A28124B0F00A21781 /* ATracksTests.xctest */;
			productType = "com.apple.product-type.bundle.unit-test";
		};
/* End PBXNativeTarget section */

/* Begin PBXProject section */
		F868D645280DAD4500EC3D30 /* Project object */ = {
			isa = PBXProject;
			attributes = {
				BuildIndependentTargetsInParallel = 1;
				LastSwiftUpdateCheck = 1330;
				LastUpgradeCheck = 1330;
				TargetAttributes = {
					F868D650280DAD4600EC3D30 = {
						CreatedOnToolsVersion = 13.3;
					};
					F868D656280DAD4600EC3D30 = {
						CreatedOnToolsVersion = 13.3;
					};
					F8821A9928124B0F00A21781 = {
						CreatedOnToolsVersion = 13.3;
						TestTargetID = F868D650280DAD4600EC3D30;
					};
				};
			};
			buildConfigurationList = F868D648280DAD4500EC3D30 /* Build configuration list for PBXProject "ATracks" */;
			compatibilityVersion = "Xcode 13.0";
			developmentRegion = en;
			hasScannedForEncodings = 0;
			knownRegions = (
				en,
				Base,
			);
			mainGroup = F868D644280DAD4500EC3D30;
			productRefGroup = F868D652280DAD4600EC3D30 /* Products */;
			projectDirPath = "";
			projectRoot = "";
			targets = (
				F868D650280DAD4600EC3D30 /* ATracks (iOS) */,
				F868D656280DAD4600EC3D30 /* ATracks (macOS) */,
				F8821A9928124B0F00A21781 /* ATracksTests */,
			);
		};
/* End PBXProject section */

/* Begin PBXResourcesBuildPhase section */
		F868D64F280DAD4600EC3D30 /* Resources */ = {
			isa = PBXResourcesBuildPhase;
			buildActionMask = 2147483647;
			files = (
				F868D65E280DAD4600EC3D30 /* Assets.xcassets in Resources */,
			);
			runOnlyForDeploymentPostprocessing = 0;
		};
		F868D655280DAD4600EC3D30 /* Resources */ = {
			isa = PBXResourcesBuildPhase;
			buildActionMask = 2147483647;
			files = (
				F868D65F280DAD4600EC3D30 /* Assets.xcassets in Resources */,
			);
			runOnlyForDeploymentPostprocessing = 0;
		};
		F8821A9828124B0F00A21781 /* Resources */ = {
			isa = PBXResourcesBuildPhase;
			buildActionMask = 2147483647;
			files = (
			);
			runOnlyForDeploymentPostprocessing = 0;
		};
/* End PBXResourcesBuildPhase section */

/* Begin PBXSourcesBuildPhase section */
		F868D64D280DAD4600EC3D30 /* Sources */ = {
			isa = PBXSourcesBuildPhase;
			buildActionMask = 2147483647;
			files = (
				F8F686FC2814E7B000991442 /* DataStateHelper.swift in Sources */,
				F8D3FFCD2819A5FB00887790 /* LocationServicesView.swift in Sources */,
				F868D671280DB35B00EC3D30 /* CoreDataStack.swift in Sources */,
				F868D65C280DAD4600EC3D30 /* TrackListView.swift in Sources */,
				F868D68E280DC26D00EC3D30 /* ContentView.swift in Sources */,
				F8F68707281589A600991442 /* View+.swift in Sources */,
				F868D6BE280F195A00EC3D30 /* Appearance.swift in Sources */,
				F868D67B280DB4D300EC3D30 /* TrackPoint.swift in Sources */,
				F8821AB22813A69500A21781 /* NavigationLink+.swift in Sources */,
				F868D6D22810455F00EC3D30 /* TrackPlotView.swift in Sources */,
				F868D6CA280F6C6100EC3D30 /* CodeVersionView.swift in Sources */,
				F868D6A7280E298300EC3D30 /* MapViewCoordinator.swift in Sources */,
				F868D688280DBCAA00EC3D30 /* TrackDetailView.swift in Sources */,
				F8F687112816F7BD00991442 /* AALabelWithPadding.swift in Sources */,
				F868D684280DB63400EC3D30 /* LocationManager.swift in Sources */,
				F868D69E280E143100EC3D30 /* UIView+pin.swift in Sources */,
				F868D695280DEF9900EC3D30 /* TrackStatsView.swift in Sources */,
				F868D6D52810534600EC3D30 /* TrackHelper.swift in Sources */,
				F868D6B5280F06F100EC3D30 /* AAButtonStyle.swift in Sources */,
				F868D6DB2810727300EC3D30 /* Double+.swift in Sources */,
				F868D6A1280E1FBE00EC3D30 /* MapViewHelper.swift in Sources */,
				F8821AA92813877600A21781 /* AboutView.swift in Sources */,
				F868D6B2280EF91D00EC3D30 /* Color+.swift in Sources */,
				F868D66F280DB2E200EC3D30 /* AppInfo.swift in Sources */,
				F8821AAB2813879F00A21781 /* LegalView.swift in Sources */,
				F868D6E328109BA300EC3D30 /* Notification.Name+.swift in Sources */,
				F868D698280DF99400EC3D30 /* MapView.swift in Sources */,
				F868D67E280DB5DA00EC3D30 /* TrackManager.swift in Sources */,
				F868D6E628109CA200EC3D30 /* Key.swift in Sources */,
				F868D65A280DAD4600EC3D30 /* ATracksApp.swift in Sources */,
				F8233CA82811AA2100536A0F /* Int32+.swift in Sources */,
				F868D66D280DAE3200EC3D30 /* ATracks.xcdatamodeld in Sources */,
				F868D6C6280F479200EC3D30 /* HealthKitManager.swift in Sources */,
				F868D68B280DBD7400EC3D30 /* TrackRow.swift in Sources */,
				F868D681280DB5F800EC3D30 /* Date+.swift in Sources */,
				F868D6DE28107B8400EC3D30 /* TouchLocatingView.swift in Sources */,
				F868D675280DB40A00EC3D30 /* Track.swift in Sources */,
				F8F6870D2815AAC000991442 /* AAToggleStyle.swift in Sources */,
				F868D678280DB44B00EC3D30 /* DataType.swift in Sources */,
				F8F6870A28158D6300991442 /* CLLocationCoordinate2D+.swift in Sources */,
				F868D6B8280F10E800EC3D30 /* Color+iOS.swift in Sources */,
				F868D69B280E0C2000EC3D30 /* TimeInterval+.swift in Sources */,
				F868D6C8280F6C5000EC3D30 /* SettingsView.swift in Sources */,
				F8F6870F2815EE6200991442 /* SettingsSectionView.swift in Sources */,
				F8F686FF2814E99B00991442 /* LocationManagerSettings.swift in Sources */,
				F8F687042814F90100991442 /* Func.swift in Sources */,
				F868D6E92810B1E500EC3D30 /* AAPointAnnotation.swift in Sources */,
				F8F687022814EA8300991442 /* SwitchView.swift in Sources */,
				F868D6CC281040B000EC3D30 /* LineShape.swift in Sources */,
				F8821AAD281397D600A21781 /* MailView.swift in Sources */,
			);
			runOnlyForDeploymentPostprocessing = 0;
		};
		F868D653280DAD4600EC3D30 /* Sources */ = {
			isa = PBXSourcesBuildPhase;
			buildActionMask = 2147483647;
			files = (
				F868D6EA2810B1E500EC3D30 /* AAPointAnnotation.swift in Sources */,
				F868D682280DB5F800EC3D30 /* Date+.swift in Sources */,
				F8233CA92811AA2100536A0F /* Int32+.swift in Sources */,
				F868D696280DEF9900EC3D30 /* TrackStatsView.swift in Sources */,
				F868D689280DBCAA00EC3D30 /* TrackDetailView.swift in Sources */,
				F868D6A8280E298300EC3D30 /* MapViewCoordinator.swift in Sources */,
				F868D6D32810455F00EC3D30 /* TrackPlotView.swift in Sources */,
				F868D6C0280F1A5800EC3D30 /* Appearance.swift in Sources */,
				F868D672280DB35B00EC3D30 /* CoreDataStack.swift in Sources */,
				F868D6D62810534600EC3D30 /* TrackHelper.swift in Sources */,
				F868D67C280DB4D300EC3D30 /* TrackPoint.swift in Sources */,
				F868D6AA280E2AD000EC3D30 /* MapView.swift in Sources */,
				F868D679280DB44B00EC3D30 /* DataType.swift in Sources */,
				F868D6A2280E1FBE00EC3D30 /* MapViewHelper.swift in Sources */,
				F868D68C280DBD7400EC3D30 /* TrackRow.swift in Sources */,
				F8F68708281589A600991442 /* View+.swift in Sources */,
				F868D6DC2810727300EC3D30 /* Double+.swift in Sources */,
				F8F687052814F90100991442 /* Func.swift in Sources */,
				F868D676280DB40A00EC3D30 /* Track.swift in Sources */,
				F868D673280DB35F00EC3D30 /* AppInfo.swift in Sources */,
				F868D6B1280EF13800EC3D30 /* Color+.swift in Sources */,
				F868D67F280DB5DA00EC3D30 /* TrackManager.swift in Sources */,
				F868D6E428109BA300EC3D30 /* Notification.Name+.swift in Sources */,
				F868D68F280DC26D00EC3D30 /* ContentView.swift in Sources */,
				F868D6E728109CA200EC3D30 /* Key.swift in Sources */,
				F8F687142816FC7100991442 /* NSView+.swift in Sources */,
				F8F686FD2814E7B000991442 /* DataStateHelper.swift in Sources */,
				F8F6870B28158D6300991442 /* CLLocationCoordinate2D+.swift in Sources */,
				F868D69C280E0C2000EC3D30 /* TimeInterval+.swift in Sources */,
				F868D65D280DAD4600EC3D30 /* TrackListView.swift in Sources */,
				F868D6D02810430200EC3D30 /* LineShape.swift in Sources */,
				F868D6BC280F13F600EC3D30 /* Color+macOS.swift in Sources */,
				F868D6AB280E537900EC3D30 /* ATracks.xcdatamodeld in Sources */,
				F868D65B280DAD4600EC3D30 /* ATracksApp.swift in Sources */,
			);
			runOnlyForDeploymentPostprocessing = 0;
		};
		F8821A9628124B0F00A21781 /* Sources */ = {
			isa = PBXSourcesBuildPhase;
			buildActionMask = 2147483647;
			files = (
				F8821AA7281310D600A21781 /* LocationManagerTests.swift in Sources */,
				F8821A9D28124B0F00A21781 /* TrackHelperTests.swift in Sources */,
			);
			runOnlyForDeploymentPostprocessing = 0;
		};
/* End PBXSourcesBuildPhase section */

/* Begin PBXTargetDependency section */
		F8821A9F28124B0F00A21781 /* PBXTargetDependency */ = {
			isa = PBXTargetDependency;
			target = F868D650280DAD4600EC3D30 /* ATracks (iOS) */;
			targetProxy = F8821A9E28124B0F00A21781 /* PBXContainerItemProxy */;
		};
/* End PBXTargetDependency section */

/* Begin XCBuildConfiguration section */
		F868D660280DAD4600EC3D30 /* Debug */ = {
			isa = XCBuildConfiguration;
			buildSettings = {
				ALWAYS_SEARCH_USER_PATHS = NO;
				CLANG_ANALYZER_NONNULL = YES;
				CLANG_ANALYZER_NUMBER_OBJECT_CONVERSION = YES_AGGRESSIVE;
				CLANG_CXX_LANGUAGE_STANDARD = "gnu++17";
				CLANG_ENABLE_MODULES = YES;
				CLANG_ENABLE_OBJC_ARC = YES;
				CLANG_ENABLE_OBJC_WEAK = YES;
				CLANG_WARN_BLOCK_CAPTURE_AUTORELEASING = YES;
				CLANG_WARN_BOOL_CONVERSION = YES;
				CLANG_WARN_COMMA = YES;
				CLANG_WARN_CONSTANT_CONVERSION = YES;
				CLANG_WARN_DEPRECATED_OBJC_IMPLEMENTATIONS = YES;
				CLANG_WARN_DIRECT_OBJC_ISA_USAGE = YES_ERROR;
				CLANG_WARN_DOCUMENTATION_COMMENTS = YES;
				CLANG_WARN_EMPTY_BODY = YES;
				CLANG_WARN_ENUM_CONVERSION = YES;
				CLANG_WARN_INFINITE_RECURSION = YES;
				CLANG_WARN_INT_CONVERSION = YES;
				CLANG_WARN_NON_LITERAL_NULL_CONVERSION = YES;
				CLANG_WARN_OBJC_IMPLICIT_RETAIN_SELF = YES;
				CLANG_WARN_OBJC_LITERAL_CONVERSION = YES;
				CLANG_WARN_OBJC_ROOT_CLASS = YES_ERROR;
				CLANG_WARN_QUOTED_INCLUDE_IN_FRAMEWORK_HEADER = YES;
				CLANG_WARN_RANGE_LOOP_ANALYSIS = YES;
				CLANG_WARN_STRICT_PROTOTYPES = YES;
				CLANG_WARN_SUSPICIOUS_MOVE = YES;
				CLANG_WARN_UNGUARDED_AVAILABILITY = YES_AGGRESSIVE;
				CLANG_WARN_UNREACHABLE_CODE = YES;
				CLANG_WARN__DUPLICATE_METHOD_MATCH = YES;
				COPY_PHASE_STRIP = NO;
				DEBUG_INFORMATION_FORMAT = dwarf;
				ENABLE_STRICT_OBJC_MSGSEND = YES;
				ENABLE_TESTABILITY = YES;
				GCC_C_LANGUAGE_STANDARD = gnu11;
				GCC_DYNAMIC_NO_PIC = NO;
				GCC_NO_COMMON_BLOCKS = YES;
				GCC_OPTIMIZATION_LEVEL = 0;
				GCC_PREPROCESSOR_DEFINITIONS = (
					"DEBUG=1",
					"$(inherited)",
				);
				GCC_WARN_64_TO_32_BIT_CONVERSION = YES;
				GCC_WARN_ABOUT_RETURN_TYPE = YES_ERROR;
				GCC_WARN_UNDECLARED_SELECTOR = YES;
				GCC_WARN_UNINITIALIZED_AUTOS = YES_AGGRESSIVE;
				GCC_WARN_UNUSED_FUNCTION = YES;
				GCC_WARN_UNUSED_VARIABLE = YES;
				MTL_ENABLE_DEBUG_INFO = INCLUDE_SOURCE;
				MTL_FAST_MATH = YES;
				ONLY_ACTIVE_ARCH = YES;
				SWIFT_ACTIVE_COMPILATION_CONDITIONS = DEBUG;
				SWIFT_OPTIMIZATION_LEVEL = "-Onone";
			};
			name = Debug;
		};
		F868D661280DAD4600EC3D30 /* Release */ = {
			isa = XCBuildConfiguration;
			buildSettings = {
				ALWAYS_SEARCH_USER_PATHS = NO;
				CLANG_ANALYZER_NONNULL = YES;
				CLANG_ANALYZER_NUMBER_OBJECT_CONVERSION = YES_AGGRESSIVE;
				CLANG_CXX_LANGUAGE_STANDARD = "gnu++17";
				CLANG_ENABLE_MODULES = YES;
				CLANG_ENABLE_OBJC_ARC = YES;
				CLANG_ENABLE_OBJC_WEAK = YES;
				CLANG_WARN_BLOCK_CAPTURE_AUTORELEASING = YES;
				CLANG_WARN_BOOL_CONVERSION = YES;
				CLANG_WARN_COMMA = YES;
				CLANG_WARN_CONSTANT_CONVERSION = YES;
				CLANG_WARN_DEPRECATED_OBJC_IMPLEMENTATIONS = YES;
				CLANG_WARN_DIRECT_OBJC_ISA_USAGE = YES_ERROR;
				CLANG_WARN_DOCUMENTATION_COMMENTS = YES;
				CLANG_WARN_EMPTY_BODY = YES;
				CLANG_WARN_ENUM_CONVERSION = YES;
				CLANG_WARN_INFINITE_RECURSION = YES;
				CLANG_WARN_INT_CONVERSION = YES;
				CLANG_WARN_NON_LITERAL_NULL_CONVERSION = YES;
				CLANG_WARN_OBJC_IMPLICIT_RETAIN_SELF = YES;
				CLANG_WARN_OBJC_LITERAL_CONVERSION = YES;
				CLANG_WARN_OBJC_ROOT_CLASS = YES_ERROR;
				CLANG_WARN_QUOTED_INCLUDE_IN_FRAMEWORK_HEADER = YES;
				CLANG_WARN_RANGE_LOOP_ANALYSIS = YES;
				CLANG_WARN_STRICT_PROTOTYPES = YES;
				CLANG_WARN_SUSPICIOUS_MOVE = YES;
				CLANG_WARN_UNGUARDED_AVAILABILITY = YES_AGGRESSIVE;
				CLANG_WARN_UNREACHABLE_CODE = YES;
				CLANG_WARN__DUPLICATE_METHOD_MATCH = YES;
				COPY_PHASE_STRIP = NO;
				DEBUG_INFORMATION_FORMAT = "dwarf-with-dsym";
				ENABLE_NS_ASSERTIONS = NO;
				ENABLE_STRICT_OBJC_MSGSEND = YES;
				GCC_C_LANGUAGE_STANDARD = gnu11;
				GCC_NO_COMMON_BLOCKS = YES;
				GCC_WARN_64_TO_32_BIT_CONVERSION = YES;
				GCC_WARN_ABOUT_RETURN_TYPE = YES_ERROR;
				GCC_WARN_UNDECLARED_SELECTOR = YES;
				GCC_WARN_UNINITIALIZED_AUTOS = YES_AGGRESSIVE;
				GCC_WARN_UNUSED_FUNCTION = YES;
				GCC_WARN_UNUSED_VARIABLE = YES;
				MTL_ENABLE_DEBUG_INFO = NO;
				MTL_FAST_MATH = YES;
				SWIFT_COMPILATION_MODE = wholemodule;
				SWIFT_OPTIMIZATION_LEVEL = "-O";
			};
			name = Release;
		};
		F868D663280DAD4600EC3D30 /* Debug */ = {
			isa = XCBuildConfiguration;
			buildSettings = {
				ASSETCATALOG_COMPILER_APPICON_NAME = AppIcon;
				ASSETCATALOG_COMPILER_GLOBAL_ACCENT_COLOR_NAME = AccentColor;
				ASSETCATALOG_COMPILER_INCLUDE_ALL_APPICON_ASSETS = YES;
				CODE_SIGN_ENTITLEMENTS = "ATracks (iOS).entitlements";
				CODE_SIGN_STYLE = Automatic;
				CURRENT_PROJECT_VERSION = 29f;
				DEVELOPMENT_TEAM = 37H8X6K6NN;
				ENABLE_PREVIEWS = YES;
				GENERATE_INFOPLIST_FILE = YES;
				INFOPLIST_FILE = "ATracks--iOS--Info.plist";
				INFOPLIST_KEY_NSHealthClinicalHealthRecordsShareUsageDescription = "This app needs access to Health data in order to track steps.";
				INFOPLIST_KEY_NSHealthShareUsageDescription = "This app needs to access Health data in order to track steps.";
				INFOPLIST_KEY_NSHealthUpdateUsageDescription = "This app needs to access Health data in order to track steps.";
				INFOPLIST_KEY_NSLocationAlwaysAndWhenInUseUsageDescription = "This app needs to access your location in order to perform tracking.";
				INFOPLIST_KEY_NSLocationWhenInUseUsageDescription = "This app needs to access your location in order to perform tracking.";
				INFOPLIST_KEY_UIApplicationSceneManifest_Generation = YES;
				INFOPLIST_KEY_UIApplicationSupportsIndirectInputEvents = YES;
				INFOPLIST_KEY_UILaunchScreen_Generation = YES;
				INFOPLIST_KEY_UISupportedInterfaceOrientations_iPad = "UIInterfaceOrientationPortrait UIInterfaceOrientationPortraitUpsideDown UIInterfaceOrientationLandscapeLeft UIInterfaceOrientationLandscapeRight";
				INFOPLIST_KEY_UISupportedInterfaceOrientations_iPhone = "UIInterfaceOrientationPortrait UIInterfaceOrientationLandscapeLeft UIInterfaceOrientationLandscapeRight";
				IPHONEOS_DEPLOYMENT_TARGET = 15.0;
				LD_RUNPATH_SEARCH_PATHS = (
					"$(inherited)",
					"@executable_path/Frameworks",
				);
				MARKETING_VERSION = 0.8;
				PRODUCT_BUNDLE_IDENTIFIER = com.AvantiApplications.ATracks;
				PRODUCT_NAME = ATracks;
				SDKROOT = iphoneos;
				SWIFT_EMIT_LOC_STRINGS = YES;
				SWIFT_VERSION = 5.0;
				TARGETED_DEVICE_FAMILY = "1,2";
			};
			name = Debug;
		};
		F868D664280DAD4600EC3D30 /* Release */ = {
			isa = XCBuildConfiguration;
			buildSettings = {
				ASSETCATALOG_COMPILER_APPICON_NAME = AppIcon;
				ASSETCATALOG_COMPILER_GLOBAL_ACCENT_COLOR_NAME = AccentColor;
				ASSETCATALOG_COMPILER_INCLUDE_ALL_APPICON_ASSETS = YES;
				CODE_SIGN_ENTITLEMENTS = "ATracks (iOS).entitlements";
				CODE_SIGN_STYLE = Automatic;
				CURRENT_PROJECT_VERSION = 29f;
				DEVELOPMENT_TEAM = 37H8X6K6NN;
				ENABLE_PREVIEWS = YES;
				GENERATE_INFOPLIST_FILE = YES;
				INFOPLIST_FILE = "ATracks--iOS--Info.plist";
				INFOPLIST_KEY_NSHealthClinicalHealthRecordsShareUsageDescription = "This app needs access to Health data in order to track steps.";
				INFOPLIST_KEY_NSHealthShareUsageDescription = "This app needs to access Health data in order to track steps.";
				INFOPLIST_KEY_NSHealthUpdateUsageDescription = "This app needs to access Health data in order to track steps.";
				INFOPLIST_KEY_NSLocationAlwaysAndWhenInUseUsageDescription = "This app needs to access your location in order to perform tracking.";
				INFOPLIST_KEY_NSLocationWhenInUseUsageDescription = "This app needs to access your location in order to perform tracking.";
				INFOPLIST_KEY_UIApplicationSceneManifest_Generation = YES;
				INFOPLIST_KEY_UIApplicationSupportsIndirectInputEvents = YES;
				INFOPLIST_KEY_UILaunchScreen_Generation = YES;
				INFOPLIST_KEY_UISupportedInterfaceOrientations_iPad = "UIInterfaceOrientationPortrait UIInterfaceOrientationPortraitUpsideDown UIInterfaceOrientationLandscapeLeft UIInterfaceOrientationLandscapeRight";
				INFOPLIST_KEY_UISupportedInterfaceOrientations_iPhone = "UIInterfaceOrientationPortrait UIInterfaceOrientationLandscapeLeft UIInterfaceOrientationLandscapeRight";
				IPHONEOS_DEPLOYMENT_TARGET = 15.0;
				LD_RUNPATH_SEARCH_PATHS = (
					"$(inherited)",
					"@executable_path/Frameworks",
				);
				MARKETING_VERSION = 0.8;
				PRODUCT_BUNDLE_IDENTIFIER = com.AvantiApplications.ATracks;
				PRODUCT_NAME = ATracks;
				SDKROOT = iphoneos;
				SWIFT_EMIT_LOC_STRINGS = YES;
				SWIFT_VERSION = 5.0;
				TARGETED_DEVICE_FAMILY = "1,2";
				VALIDATE_PRODUCT = YES;
			};
			name = Release;
		};
		F868D666280DAD4600EC3D30 /* Debug */ = {
			isa = XCBuildConfiguration;
			buildSettings = {
				ASSETCATALOG_COMPILER_APPICON_NAME = AppIcon;
				ASSETCATALOG_COMPILER_GLOBAL_ACCENT_COLOR_NAME = AccentColor;
				ASSETCATALOG_COMPILER_INCLUDE_ALL_APPICON_ASSETS = YES;
				CODE_SIGN_ENTITLEMENTS = macOS/macOS.entitlements;
				CODE_SIGN_STYLE = Automatic;
				COMBINE_HIDPI_IMAGES = YES;
				CURRENT_PROJECT_VERSION = 24e;
				DEVELOPMENT_TEAM = 37H8X6K6NN;
				ENABLE_HARDENED_RUNTIME = YES;
				ENABLE_PREVIEWS = YES;
				GENERATE_INFOPLIST_FILE = YES;
				INFOPLIST_KEY_NSHumanReadableCopyright = "";
				LD_RUNPATH_SEARCH_PATHS = (
					"$(inherited)",
					"@executable_path/../Frameworks",
				);
				MACOSX_DEPLOYMENT_TARGET = 12.3;
				MARKETING_VERSION = 0.8;
				PRODUCT_BUNDLE_IDENTIFIER = com.AvantiApplications.ATracks;
				PRODUCT_NAME = ATracks;
				SDKROOT = macosx;
				SWIFT_EMIT_LOC_STRINGS = YES;
				SWIFT_VERSION = 5.0;
			};
			name = Debug;
		};
		F868D667280DAD4600EC3D30 /* Release */ = {
			isa = XCBuildConfiguration;
			buildSettings = {
				ASSETCATALOG_COMPILER_APPICON_NAME = AppIcon;
				ASSETCATALOG_COMPILER_GLOBAL_ACCENT_COLOR_NAME = AccentColor;
				ASSETCATALOG_COMPILER_INCLUDE_ALL_APPICON_ASSETS = YES;
				CODE_SIGN_ENTITLEMENTS = macOS/macOS.entitlements;
				CODE_SIGN_STYLE = Automatic;
				COMBINE_HIDPI_IMAGES = YES;
				CURRENT_PROJECT_VERSION = 24e;
				DEVELOPMENT_TEAM = 37H8X6K6NN;
				ENABLE_HARDENED_RUNTIME = YES;
				ENABLE_PREVIEWS = YES;
				GENERATE_INFOPLIST_FILE = YES;
				INFOPLIST_KEY_NSHumanReadableCopyright = "";
				LD_RUNPATH_SEARCH_PATHS = (
					"$(inherited)",
					"@executable_path/../Frameworks",
				);
				MACOSX_DEPLOYMENT_TARGET = 12.3;
				MARKETING_VERSION = 0.8;
				PRODUCT_BUNDLE_IDENTIFIER = com.AvantiApplications.ATracks;
				PRODUCT_NAME = ATracks;
				SDKROOT = macosx;
				SWIFT_EMIT_LOC_STRINGS = YES;
				SWIFT_VERSION = 5.0;
			};
			name = Release;
		};
		F8821AA028124B0F00A21781 /* Debug */ = {
			isa = XCBuildConfiguration;
			buildSettings = {
				BUNDLE_LOADER = "$(TEST_HOST)";
				CODE_SIGN_STYLE = Automatic;
				CURRENT_PROJECT_VERSION = 1;
				DEVELOPMENT_TEAM = 37H8X6K6NN;
				GENERATE_INFOPLIST_FILE = YES;
				IPHONEOS_DEPLOYMENT_TARGET = 15.4;
				MARKETING_VERSION = 1.0;
				PRODUCT_BUNDLE_IDENTIFIER = com.AvantiApplications.ATracksTests;
				PRODUCT_NAME = "$(TARGET_NAME)";
				SDKROOT = iphoneos;
				SWIFT_EMIT_LOC_STRINGS = NO;
				SWIFT_VERSION = 5.0;
				TARGETED_DEVICE_FAMILY = "1,2";
				TEST_HOST = "$(BUILT_PRODUCTS_DIR)/ATracks.app/ATracks";
			};
			name = Debug;
		};
		F8821AA128124B0F00A21781 /* Release */ = {
			isa = XCBuildConfiguration;
			buildSettings = {
				BUNDLE_LOADER = "$(TEST_HOST)";
				CODE_SIGN_STYLE = Automatic;
				CURRENT_PROJECT_VERSION = 1;
				DEVELOPMENT_TEAM = 37H8X6K6NN;
				GENERATE_INFOPLIST_FILE = YES;
				IPHONEOS_DEPLOYMENT_TARGET = 15.4;
				MARKETING_VERSION = 1.0;
				PRODUCT_BUNDLE_IDENTIFIER = com.AvantiApplications.ATracksTests;
				PRODUCT_NAME = "$(TARGET_NAME)";
				SDKROOT = iphoneos;
				SWIFT_EMIT_LOC_STRINGS = NO;
				SWIFT_VERSION = 5.0;
				TARGETED_DEVICE_FAMILY = "1,2";
				TEST_HOST = "$(BUILT_PRODUCTS_DIR)/ATracks.app/ATracks";
				VALIDATE_PRODUCT = YES;
			};
			name = Release;
		};
/* End XCBuildConfiguration section */

/* Begin XCConfigurationList section */
		F868D648280DAD4500EC3D30 /* Build configuration list for PBXProject "ATracks" */ = {
			isa = XCConfigurationList;
			buildConfigurations = (
				F868D660280DAD4600EC3D30 /* Debug */,
				F868D661280DAD4600EC3D30 /* Release */,
			);
			defaultConfigurationIsVisible = 0;
			defaultConfigurationName = Release;
		};
		F868D662280DAD4600EC3D30 /* Build configuration list for PBXNativeTarget "ATracks (iOS)" */ = {
			isa = XCConfigurationList;
			buildConfigurations = (
				F868D663280DAD4600EC3D30 /* Debug */,
				F868D664280DAD4600EC3D30 /* Release */,
			);
			defaultConfigurationIsVisible = 0;
			defaultConfigurationName = Release;
		};
		F868D665280DAD4600EC3D30 /* Build configuration list for PBXNativeTarget "ATracks (macOS)" */ = {
			isa = XCConfigurationList;
			buildConfigurations = (
				F868D666280DAD4600EC3D30 /* Debug */,
				F868D667280DAD4600EC3D30 /* Release */,
			);
			defaultConfigurationIsVisible = 0;
			defaultConfigurationName = Release;
		};
		F8821AA228124B0F00A21781 /* Build configuration list for PBXNativeTarget "ATracksTests" */ = {
			isa = XCConfigurationList;
			buildConfigurations = (
				F8821AA028124B0F00A21781 /* Debug */,
				F8821AA128124B0F00A21781 /* Release */,
			);
			defaultConfigurationIsVisible = 0;
			defaultConfigurationName = Release;
		};
/* End XCConfigurationList section */

/* Begin XCVersionGroup section */
		F868D66B280DAE3200EC3D30 /* ATracks.xcdatamodeld */ = {
			isa = XCVersionGroup;
			children = (
				F8F687A8281979AC00991442 /* ATracks 3.xcdatamodel */,
				F8F68774281851F800991442 /* ATracks 2.xcdatamodel */,
				F868D66C280DAE3200EC3D30 /* ATracks.xcdatamodel */,
			);
			currentVersion = F8F687A8281979AC00991442 /* ATracks 3.xcdatamodel */;
			path = ATracks.xcdatamodeld;
			sourceTree = "<group>";
			versionGroupType = wrapper.xcdatamodel;
		};
/* End XCVersionGroup section */
	};
	rootObject = F868D645280DAD4500EC3D30 /* Project object */;
}
