// !$*UTF8*$!
{
	archiveVersion = 1;
	classes = {
	};
	objectVersion = 55;
	objects = {

/* Begin PBXBuildFile section */
		F868D65A280DAD4600EC3D30 /* ATracksApp.swift in Sources */ = {isa = PBXBuildFile; fileRef = F868D64A280DAD4500EC3D30 /* ATracksApp.swift */; };
		F868D65B280DAD4600EC3D30 /* ATracksApp.swift in Sources */ = {isa = PBXBuildFile; fileRef = F868D64A280DAD4500EC3D30 /* ATracksApp.swift */; };
		F868D65C280DAD4600EC3D30 /* TrackListView.swift in Sources */ = {isa = PBXBuildFile; fileRef = F868D64B280DAD4500EC3D30 /* TrackListView.swift */; };
		F868D65D280DAD4600EC3D30 /* TrackListView.swift in Sources */ = {isa = PBXBuildFile; fileRef = F868D64B280DAD4500EC3D30 /* TrackListView.swift */; };
		F868D65E280DAD4600EC3D30 /* Assets.xcassets in Resources */ = {isa = PBXBuildFile; fileRef = F868D64C280DAD4600EC3D30 /* Assets.xcassets */; };
		F868D65F280DAD4600EC3D30 /* Assets.xcassets in Resources */ = {isa = PBXBuildFile; fileRef = F868D64C280DAD4600EC3D30 /* Assets.xcassets */; };
		F868D66D280DAE3200EC3D30 /* ATracks.xcdatamodeld in Sources */ = {isa = PBXBuildFile; fileRef = F868D66B280DAE3200EC3D30 /* ATracks.xcdatamodeld */; };
		F868D66F280DB2E200EC3D30 /* AppInfo.swift in Sources */ = {isa = PBXBuildFile; fileRef = F868D66E280DB2E200EC3D30 /* AppInfo.swift */; };
		F868D671280DB35B00EC3D30 /* CoreDataStack.swift in Sources */ = {isa = PBXBuildFile; fileRef = F868D670280DB35B00EC3D30 /* CoreDataStack.swift */; };
		F868D672280DB35B00EC3D30 /* CoreDataStack.swift in Sources */ = {isa = PBXBuildFile; fileRef = F868D670280DB35B00EC3D30 /* CoreDataStack.swift */; };
		F868D673280DB35F00EC3D30 /* AppInfo.swift in Sources */ = {isa = PBXBuildFile; fileRef = F868D66E280DB2E200EC3D30 /* AppInfo.swift */; };
		F868D675280DB40A00EC3D30 /* Track.swift in Sources */ = {isa = PBXBuildFile; fileRef = F868D674280DB40A00EC3D30 /* Track.swift */; };
		F868D676280DB40A00EC3D30 /* Track.swift in Sources */ = {isa = PBXBuildFile; fileRef = F868D674280DB40A00EC3D30 /* Track.swift */; };
		F868D678280DB44B00EC3D30 /* DataType.swift in Sources */ = {isa = PBXBuildFile; fileRef = F868D677280DB44B00EC3D30 /* DataType.swift */; };
		F868D679280DB44B00EC3D30 /* DataType.swift in Sources */ = {isa = PBXBuildFile; fileRef = F868D677280DB44B00EC3D30 /* DataType.swift */; };
		F868D67B280DB4D300EC3D30 /* TrackPoint.swift in Sources */ = {isa = PBXBuildFile; fileRef = F868D67A280DB4D300EC3D30 /* TrackPoint.swift */; };
		F868D67C280DB4D300EC3D30 /* TrackPoint.swift in Sources */ = {isa = PBXBuildFile; fileRef = F868D67A280DB4D300EC3D30 /* TrackPoint.swift */; };
		F868D67E280DB5DA00EC3D30 /* TrackManager.swift in Sources */ = {isa = PBXBuildFile; fileRef = F868D67D280DB5DA00EC3D30 /* TrackManager.swift */; };
		F868D67F280DB5DA00EC3D30 /* TrackManager.swift in Sources */ = {isa = PBXBuildFile; fileRef = F868D67D280DB5DA00EC3D30 /* TrackManager.swift */; };
		F868D681280DB5F800EC3D30 /* Date+.swift in Sources */ = {isa = PBXBuildFile; fileRef = F868D680280DB5F700EC3D30 /* Date+.swift */; };
		F868D682280DB5F800EC3D30 /* Date+.swift in Sources */ = {isa = PBXBuildFile; fileRef = F868D680280DB5F700EC3D30 /* Date+.swift */; };
		F868D684280DB63400EC3D30 /* LocationManager.swift in Sources */ = {isa = PBXBuildFile; fileRef = F868D683280DB63400EC3D30 /* LocationManager.swift */; };
		F868D688280DBCAA00EC3D30 /* TrackDetailView.swift in Sources */ = {isa = PBXBuildFile; fileRef = F868D687280DBCAA00EC3D30 /* TrackDetailView.swift */; };
		F868D689280DBCAA00EC3D30 /* TrackDetailView.swift in Sources */ = {isa = PBXBuildFile; fileRef = F868D687280DBCAA00EC3D30 /* TrackDetailView.swift */; };
		F868D68B280DBD7400EC3D30 /* TrackRow.swift in Sources */ = {isa = PBXBuildFile; fileRef = F868D68A280DBD7400EC3D30 /* TrackRow.swift */; };
		F868D68C280DBD7400EC3D30 /* TrackRow.swift in Sources */ = {isa = PBXBuildFile; fileRef = F868D68A280DBD7400EC3D30 /* TrackRow.swift */; };
		F868D68E280DC26D00EC3D30 /* ContentView.swift in Sources */ = {isa = PBXBuildFile; fileRef = F868D68D280DC26D00EC3D30 /* ContentView.swift */; };
		F868D68F280DC26D00EC3D30 /* ContentView.swift in Sources */ = {isa = PBXBuildFile; fileRef = F868D68D280DC26D00EC3D30 /* ContentView.swift */; };
		F868D695280DEF9900EC3D30 /* TrackDetailsView.swift in Sources */ = {isa = PBXBuildFile; fileRef = F868D694280DEF9900EC3D30 /* TrackDetailsView.swift */; };
		F868D696280DEF9900EC3D30 /* TrackDetailsView.swift in Sources */ = {isa = PBXBuildFile; fileRef = F868D694280DEF9900EC3D30 /* TrackDetailsView.swift */; };
		F868D698280DF99400EC3D30 /* MapView.swift in Sources */ = {isa = PBXBuildFile; fileRef = F868D697280DF99400EC3D30 /* MapView.swift */; };
		F868D69B280E0C2000EC3D30 /* TimeInterval+.swift in Sources */ = {isa = PBXBuildFile; fileRef = F868D69A280E0C2000EC3D30 /* TimeInterval+.swift */; };
		F868D69C280E0C2000EC3D30 /* TimeInterval+.swift in Sources */ = {isa = PBXBuildFile; fileRef = F868D69A280E0C2000EC3D30 /* TimeInterval+.swift */; };
		F868D69E280E143100EC3D30 /* UIView+pin.swift in Sources */ = {isa = PBXBuildFile; fileRef = F868D69D280E143100EC3D30 /* UIView+pin.swift */; };
		F868D6A1280E1FBE00EC3D30 /* MapViewHelper.swift in Sources */ = {isa = PBXBuildFile; fileRef = F868D6A0280E1FBE00EC3D30 /* MapViewHelper.swift */; };
		F868D6A2280E1FBE00EC3D30 /* MapViewHelper.swift in Sources */ = {isa = PBXBuildFile; fileRef = F868D6A0280E1FBE00EC3D30 /* MapViewHelper.swift */; };
		F868D6A7280E298300EC3D30 /* MapViewCoordinator.swift in Sources */ = {isa = PBXBuildFile; fileRef = F868D6A6280E298300EC3D30 /* MapViewCoordinator.swift */; };
		F868D6A8280E298300EC3D30 /* MapViewCoordinator.swift in Sources */ = {isa = PBXBuildFile; fileRef = F868D6A6280E298300EC3D30 /* MapViewCoordinator.swift */; };
		F868D6AA280E2AD000EC3D30 /* MapView.swift in Sources */ = {isa = PBXBuildFile; fileRef = F868D6A9280E2AD000EC3D30 /* MapView.swift */; };
		F868D6AB280E537900EC3D30 /* ATracks.xcdatamodeld in Sources */ = {isa = PBXBuildFile; fileRef = F868D66B280DAE3200EC3D30 /* ATracks.xcdatamodeld */; };
		F868D6B1280EF13800EC3D30 /* Color+.swift in Sources */ = {isa = PBXBuildFile; fileRef = F868D6B0280EF13800EC3D30 /* Color+.swift */; };
		F868D6B2280EF91D00EC3D30 /* Color+.swift in Sources */ = {isa = PBXBuildFile; fileRef = F868D6B0280EF13800EC3D30 /* Color+.swift */; };
		F868D6B5280F06F100EC3D30 /* AAButtonStyle.swift in Sources */ = {isa = PBXBuildFile; fileRef = F868D6B3280F038D00EC3D30 /* AAButtonStyle.swift */; };
		F868D6B8280F10E800EC3D30 /* Color+iOS.swift in Sources */ = {isa = PBXBuildFile; fileRef = F868D6B7280F10E800EC3D30 /* Color+iOS.swift */; };
		F868D6BC280F13F600EC3D30 /* Color+macOS.swift in Sources */ = {isa = PBXBuildFile; fileRef = F868D6BA280F13E200EC3D30 /* Color+macOS.swift */; };
		F868D6BE280F195A00EC3D30 /* Appearance.swift in Sources */ = {isa = PBXBuildFile; fileRef = F868D6BD280F195A00EC3D30 /* Appearance.swift */; };
		F868D6C0280F1A5800EC3D30 /* Appearance.swift in Sources */ = {isa = PBXBuildFile; fileRef = F868D6BF280F1A5800EC3D30 /* Appearance.swift */; };
		F868D6C4280F46C000EC3D30 /* HealthKit.framework in Frameworks */ = {isa = PBXBuildFile; fileRef = F868D6C3280F46C000EC3D30 /* HealthKit.framework */; };
		F868D6C6280F479200EC3D30 /* HealthKitManager.swift in Sources */ = {isa = PBXBuildFile; fileRef = F868D6C5280F479200EC3D30 /* HealthKitManager.swift */; };
		F868D6C8280F6C5000EC3D30 /* SettingsView.swift in Sources */ = {isa = PBXBuildFile; fileRef = F868D6C7280F6C5000EC3D30 /* SettingsView.swift */; };
		F868D6CA280F6C6100EC3D30 /* CodeVersionView.swift in Sources */ = {isa = PBXBuildFile; fileRef = F868D6C9280F6C6100EC3D30 /* CodeVersionView.swift */; };
/* End PBXBuildFile section */

/* Begin PBXFileReference section */
		F868D64A280DAD4500EC3D30 /* ATracksApp.swift */ = {isa = PBXFileReference; lastKnownFileType = sourcecode.swift; path = ATracksApp.swift; sourceTree = "<group>"; };
		F868D64B280DAD4500EC3D30 /* TrackListView.swift */ = {isa = PBXFileReference; lastKnownFileType = sourcecode.swift; path = TrackListView.swift; sourceTree = "<group>"; };
		F868D64C280DAD4600EC3D30 /* Assets.xcassets */ = {isa = PBXFileReference; lastKnownFileType = folder.assetcatalog; path = Assets.xcassets; sourceTree = "<group>"; };
		F868D651280DAD4600EC3D30 /* ATracks.app */ = {isa = PBXFileReference; explicitFileType = wrapper.application; includeInIndex = 0; path = ATracks.app; sourceTree = BUILT_PRODUCTS_DIR; };
		F868D657280DAD4600EC3D30 /* ATracks.app */ = {isa = PBXFileReference; explicitFileType = wrapper.application; includeInIndex = 0; path = ATracks.app; sourceTree = BUILT_PRODUCTS_DIR; };
		F868D659280DAD4600EC3D30 /* macOS.entitlements */ = {isa = PBXFileReference; lastKnownFileType = text.plist.entitlements; path = macOS.entitlements; sourceTree = "<group>"; };
		F868D66C280DAE3200EC3D30 /* ATracks.xcdatamodel */ = {isa = PBXFileReference; lastKnownFileType = wrapper.xcdatamodel; path = ATracks.xcdatamodel; sourceTree = "<group>"; };
		F868D66E280DB2E200EC3D30 /* AppInfo.swift */ = {isa = PBXFileReference; lastKnownFileType = sourcecode.swift; path = AppInfo.swift; sourceTree = "<group>"; };
		F868D670280DB35B00EC3D30 /* CoreDataStack.swift */ = {isa = PBXFileReference; lastKnownFileType = sourcecode.swift; path = CoreDataStack.swift; sourceTree = "<group>"; };
		F868D674280DB40A00EC3D30 /* Track.swift */ = {isa = PBXFileReference; lastKnownFileType = sourcecode.swift; path = Track.swift; sourceTree = "<group>"; };
		F868D677280DB44B00EC3D30 /* DataType.swift */ = {isa = PBXFileReference; lastKnownFileType = sourcecode.swift; path = DataType.swift; sourceTree = "<group>"; };
		F868D67A280DB4D300EC3D30 /* TrackPoint.swift */ = {isa = PBXFileReference; lastKnownFileType = sourcecode.swift; path = TrackPoint.swift; sourceTree = "<group>"; };
		F868D67D280DB5DA00EC3D30 /* TrackManager.swift */ = {isa = PBXFileReference; lastKnownFileType = sourcecode.swift; path = TrackManager.swift; sourceTree = "<group>"; };
		F868D680280DB5F700EC3D30 /* Date+.swift */ = {isa = PBXFileReference; lastKnownFileType = sourcecode.swift; path = "Date+.swift"; sourceTree = "<group>"; };
		F868D683280DB63400EC3D30 /* LocationManager.swift */ = {isa = PBXFileReference; lastKnownFileType = sourcecode.swift; path = LocationManager.swift; sourceTree = "<group>"; };
		F868D686280DB8AC00EC3D30 /* ATracks--iOS--Info.plist */ = {isa = PBXFileReference; lastKnownFileType = text.plist; path = "ATracks--iOS--Info.plist"; sourceTree = "<group>"; };
		F868D687280DBCAA00EC3D30 /* TrackDetailView.swift */ = {isa = PBXFileReference; lastKnownFileType = sourcecode.swift; path = TrackDetailView.swift; sourceTree = "<group>"; };
		F868D68A280DBD7400EC3D30 /* TrackRow.swift */ = {isa = PBXFileReference; lastKnownFileType = sourcecode.swift; path = TrackRow.swift; sourceTree = "<group>"; };
		F868D68D280DC26D00EC3D30 /* ContentView.swift */ = {isa = PBXFileReference; lastKnownFileType = sourcecode.swift; path = ContentView.swift; sourceTree = "<group>"; };
		F868D694280DEF9900EC3D30 /* TrackDetailsView.swift */ = {isa = PBXFileReference; lastKnownFileType = sourcecode.swift; path = TrackDetailsView.swift; sourceTree = "<group>"; };
		F868D697280DF99400EC3D30 /* MapView.swift */ = {isa = PBXFileReference; lastKnownFileType = sourcecode.swift; path = MapView.swift; sourceTree = "<group>"; };
		F868D69A280E0C2000EC3D30 /* TimeInterval+.swift */ = {isa = PBXFileReference; lastKnownFileType = sourcecode.swift; path = "TimeInterval+.swift"; sourceTree = "<group>"; };
		F868D69D280E143100EC3D30 /* UIView+pin.swift */ = {isa = PBXFileReference; lastKnownFileType = sourcecode.swift; path = "UIView+pin.swift"; sourceTree = "<group>"; };
		F868D6A0280E1FBE00EC3D30 /* MapViewHelper.swift */ = {isa = PBXFileReference; lastKnownFileType = sourcecode.swift; path = MapViewHelper.swift; sourceTree = "<group>"; };
		F868D6A6280E298300EC3D30 /* MapViewCoordinator.swift */ = {isa = PBXFileReference; lastKnownFileType = sourcecode.swift; path = MapViewCoordinator.swift; sourceTree = "<group>"; };
		F868D6A9280E2AD000EC3D30 /* MapView.swift */ = {isa = PBXFileReference; lastKnownFileType = sourcecode.swift; path = MapView.swift; sourceTree = "<group>"; };
		F868D6B0280EF13800EC3D30 /* Color+.swift */ = {isa = PBXFileReference; lastKnownFileType = sourcecode.swift; path = "Color+.swift"; sourceTree = "<group>"; };
		F868D6B3280F038D00EC3D30 /* AAButtonStyle.swift */ = {isa = PBXFileReference; lastKnownFileType = sourcecode.swift; path = AAButtonStyle.swift; sourceTree = "<group>"; };
		F868D6B7280F10E800EC3D30 /* Color+iOS.swift */ = {isa = PBXFileReference; lastKnownFileType = sourcecode.swift; path = "Color+iOS.swift"; sourceTree = "<group>"; };
		F868D6BA280F13E200EC3D30 /* Color+macOS.swift */ = {isa = PBXFileReference; lastKnownFileType = sourcecode.swift; path = "Color+macOS.swift"; sourceTree = "<group>"; };
		F868D6BD280F195A00EC3D30 /* Appearance.swift */ = {isa = PBXFileReference; lastKnownFileType = sourcecode.swift; path = Appearance.swift; sourceTree = "<group>"; };
		F868D6BF280F1A5800EC3D30 /* Appearance.swift */ = {isa = PBXFileReference; lastKnownFileType = sourcecode.swift; path = Appearance.swift; sourceTree = "<group>"; };
		F868D6C1280F46BF00EC3D30 /* ATracks (iOS).entitlements */ = {isa = PBXFileReference; lastKnownFileType = text.plist.entitlements; path = "ATracks (iOS).entitlements"; sourceTree = "<group>"; };
		F868D6C3280F46C000EC3D30 /* HealthKit.framework */ = {isa = PBXFileReference; lastKnownFileType = wrapper.framework; name = HealthKit.framework; path = Platforms/iPhoneOS.platform/Developer/SDKs/iPhoneOS15.4.sdk/System/Library/Frameworks/HealthKit.framework; sourceTree = DEVELOPER_DIR; };
		F868D6C5280F479200EC3D30 /* HealthKitManager.swift */ = {isa = PBXFileReference; lastKnownFileType = sourcecode.swift; path = HealthKitManager.swift; sourceTree = "<group>"; };
		F868D6C7280F6C5000EC3D30 /* SettingsView.swift */ = {isa = PBXFileReference; lastKnownFileType = sourcecode.swift; path = SettingsView.swift; sourceTree = "<group>"; };
		F868D6C9280F6C6100EC3D30 /* CodeVersionView.swift */ = {isa = PBXFileReference; lastKnownFileType = sourcecode.swift; path = CodeVersionView.swift; sourceTree = "<group>"; };
/* End PBXFileReference section */

/* Begin PBXFrameworksBuildPhase section */
		F868D64E280DAD4600EC3D30 /* Frameworks */ = {
			isa = PBXFrameworksBuildPhase;
			buildActionMask = 2147483647;
			files = (
				F868D6C4280F46C000EC3D30 /* HealthKit.framework in Frameworks */,
			);
			runOnlyForDeploymentPostprocessing = 0;
		};
		F868D654280DAD4600EC3D30 /* Frameworks */ = {
			isa = PBXFrameworksBuildPhase;
			buildActionMask = 2147483647;
			files = (
			);
			runOnlyForDeploymentPostprocessing = 0;
		};
/* End PBXFrameworksBuildPhase section */

/* Begin PBXGroup section */
		F868D644280DAD4500EC3D30 = {
			isa = PBXGroup;
			children = (
				F868D6C1280F46BF00EC3D30 /* ATracks (iOS).entitlements */,
				F868D686280DB8AC00EC3D30 /* ATracks--iOS--Info.plist */,
				F868D649280DAD4500EC3D30 /* Shared */,
				F868D690280DEBFB00EC3D30 /* iOS */,
				F868D658280DAD4600EC3D30 /* macOS */,
				F868D652280DAD4600EC3D30 /* Products */,
				F868D6C2280F46C000EC3D30 /* Frameworks */,
			);
			sourceTree = "<group>";
		};
		F868D649280DAD4500EC3D30 /* Shared */ = {
			isa = PBXGroup;
			children = (
				F868D64A280DAD4500EC3D30 /* ATracksApp.swift */,
				F868D66A280DADF000EC3D30 /* Helpers */,
				F868D668280DADDC00EC3D30 /* Model */,
				F868D669280DADE400EC3D30 /* Views */,
			);
			path = Shared;
			sourceTree = "<group>";
		};
		F868D652280DAD4600EC3D30 /* Products */ = {
			isa = PBXGroup;
			children = (
				F868D651280DAD4600EC3D30 /* ATracks.app */,
				F868D657280DAD4600EC3D30 /* ATracks.app */,
			);
			name = Products;
			sourceTree = "<group>";
		};
		F868D658280DAD4600EC3D30 /* macOS */ = {
			isa = PBXGroup;
			children = (
				F868D6B9280F13CA00EC3D30 /* macHelpers */,
				F868D659280DAD4600EC3D30 /* macOS.entitlements */,
				F868D6AE280EF07C00EC3D30 /* macViews */,
			);
			path = macOS;
			sourceTree = "<group>";
		};
		F868D668280DADDC00EC3D30 /* Model */ = {
			isa = PBXGroup;
			children = (
				F868D66B280DAE3200EC3D30 /* ATracks.xcdatamodeld */,
				F868D670280DB35B00EC3D30 /* CoreDataStack.swift */,
				F868D677280DB44B00EC3D30 /* DataType.swift */,
				F868D674280DB40A00EC3D30 /* Track.swift */,
				F868D67D280DB5DA00EC3D30 /* TrackManager.swift */,
				F868D67A280DB4D300EC3D30 /* TrackPoint.swift */,
			);
			path = Model;
			sourceTree = "<group>";
		};
		F868D669280DADE400EC3D30 /* Views */ = {
			isa = PBXGroup;
			children = (
				F868D68D280DC26D00EC3D30 /* ContentView.swift */,
				F868D687280DBCAA00EC3D30 /* TrackDetailView.swift */,
				F868D694280DEF9900EC3D30 /* TrackDetailsView.swift */,
				F868D64B280DAD4500EC3D30 /* TrackListView.swift */,
				F868D68A280DBD7400EC3D30 /* TrackRow.swift */,
			);
			path = Views;
			sourceTree = "<group>";
		};
		F868D66A280DADF000EC3D30 /* Helpers */ = {
			isa = PBXGroup;
			children = (
				F868D66E280DB2E200EC3D30 /* AppInfo.swift */,
				F868D64C280DAD4600EC3D30 /* Assets.xcassets */,
				F868D6B0280EF13800EC3D30 /* Color+.swift */,
				F868D680280DB5F700EC3D30 /* Date+.swift */,
				F868D6A6280E298300EC3D30 /* MapViewCoordinator.swift */,
				F868D6A0280E1FBE00EC3D30 /* MapViewHelper.swift */,
				F868D69A280E0C2000EC3D30 /* TimeInterval+.swift */,
			);
			path = Helpers;
			sourceTree = "<group>";
		};
		F868D690280DEBFB00EC3D30 /* iOS */ = {
			isa = PBXGroup;
			children = (
				F868D6AD280EF06F00EC3D30 /* iHelpers */,
				F868D6AC280EF06800EC3D30 /* iViews */,
			);
			path = iOS;
			sourceTree = "<group>";
		};
		F868D6AC280EF06800EC3D30 /* iViews */ = {
			isa = PBXGroup;
			children = (
				F868D6C9280F6C6100EC3D30 /* CodeVersionView.swift */,
				F868D697280DF99400EC3D30 /* MapView.swift */,
				F868D6C7280F6C5000EC3D30 /* SettingsView.swift */,
			);
			path = iViews;
			sourceTree = "<group>";
		};
		F868D6AD280EF06F00EC3D30 /* iHelpers */ = {
			isa = PBXGroup;
			children = (
				F868D6B3280F038D00EC3D30 /* AAButtonStyle.swift */,
				F868D6BD280F195A00EC3D30 /* Appearance.swift */,
				F868D6B7280F10E800EC3D30 /* Color+iOS.swift */,
				F868D6C5280F479200EC3D30 /* HealthKitManager.swift */,
				F868D683280DB63400EC3D30 /* LocationManager.swift */,
				F868D69D280E143100EC3D30 /* UIView+pin.swift */,
			);
			path = iHelpers;
			sourceTree = "<group>";
		};
		F868D6AE280EF07C00EC3D30 /* macViews */ = {
			isa = PBXGroup;
			children = (
				F868D6A9280E2AD000EC3D30 /* MapView.swift */,
			);
			path = macViews;
			sourceTree = "<group>";
		};
		F868D6B9280F13CA00EC3D30 /* macHelpers */ = {
			isa = PBXGroup;
			children = (
				F868D6BF280F1A5800EC3D30 /* Appearance.swift */,
				F868D6BA280F13E200EC3D30 /* Color+macOS.swift */,
			);
			path = macHelpers;
			sourceTree = "<group>";
		};
		F868D6C2280F46C000EC3D30 /* Frameworks */ = {
			isa = PBXGroup;
			children = (
				F868D6C3280F46C000EC3D30 /* HealthKit.framework */,
			);
			name = Frameworks;
			sourceTree = "<group>";
		};
/* End PBXGroup section */

/* Begin PBXNativeTarget section */
		F868D650280DAD4600EC3D30 /* ATracks (iOS) */ = {
			isa = PBXNativeTarget;
			buildConfigurationList = F868D662280DAD4600EC3D30 /* Build configuration list for PBXNativeTarget "ATracks (iOS)" */;
			buildPhases = (
				F868D64D280DAD4600EC3D30 /* Sources */,
				F868D64E280DAD4600EC3D30 /* Frameworks */,
				F868D64F280DAD4600EC3D30 /* Resources */,
			);
			buildRules = (
			);
			dependencies = (
			);
			name = "ATracks (iOS)";
			productName = "ATracks (iOS)";
			productReference = F868D651280DAD4600EC3D30 /* ATracks.app */;
			productType = "com.apple.product-type.application";
		};
		F868D656280DAD4600EC3D30 /* ATracks (macOS) */ = {
			isa = PBXNativeTarget;
			buildConfigurationList = F868D665280DAD4600EC3D30 /* Build configuration list for PBXNativeTarget "ATracks (macOS)" */;
			buildPhases = (
				F868D653280DAD4600EC3D30 /* Sources */,
				F868D654280DAD4600EC3D30 /* Frameworks */,
				F868D655280DAD4600EC3D30 /* Resources */,
			);
			buildRules = (
			);
			dependencies = (
			);
			name = "ATracks (macOS)";
			productName = "ATracks (macOS)";
			productReference = F868D657280DAD4600EC3D30 /* ATracks.app */;
			productType = "com.apple.product-type.application";
		};
/* End PBXNativeTarget section */

/* Begin PBXProject section */
		F868D645280DAD4500EC3D30 /* Project object */ = {
			isa = PBXProject;
			attributes = {
				BuildIndependentTargetsInParallel = 1;
				LastSwiftUpdateCheck = 1330;
				LastUpgradeCheck = 1330;
				TargetAttributes = {
					F868D650280DAD4600EC3D30 = {
						CreatedOnToolsVersion = 13.3;
					};
					F868D656280DAD4600EC3D30 = {
						CreatedOnToolsVersion = 13.3;
					};
				};
			};
			buildConfigurationList = F868D648280DAD4500EC3D30 /* Build configuration list for PBXProject "ATracks" */;
			compatibilityVersion = "Xcode 13.0";
			developmentRegion = en;
			hasScannedForEncodings = 0;
			knownRegions = (
				en,
				Base,
			);
			mainGroup = F868D644280DAD4500EC3D30;
			productRefGroup = F868D652280DAD4600EC3D30 /* Products */;
			projectDirPath = "";
			projectRoot = "";
			targets = (
				F868D650280DAD4600EC3D30 /* ATracks (iOS) */,
				F868D656280DAD4600EC3D30 /* ATracks (macOS) */,
			);
		};
/* End PBXProject section */

/* Begin PBXResourcesBuildPhase section */
		F868D64F280DAD4600EC3D30 /* Resources */ = {
			isa = PBXResourcesBuildPhase;
			buildActionMask = 2147483647;
			files = (
				F868D65E280DAD4600EC3D30 /* Assets.xcassets in Resources */,
			);
			runOnlyForDeploymentPostprocessing = 0;
		};
		F868D655280DAD4600EC3D30 /* Resources */ = {
			isa = PBXResourcesBuildPhase;
			buildActionMask = 2147483647;
			files = (
				F868D65F280DAD4600EC3D30 /* Assets.xcassets in Resources */,
			);
			runOnlyForDeploymentPostprocessing = 0;
		};
/* End PBXResourcesBuildPhase section */

/* Begin PBXSourcesBuildPhase section */
		F868D64D280DAD4600EC3D30 /* Sources */ = {
			isa = PBXSourcesBuildPhase;
			buildActionMask = 2147483647;
			files = (
				F868D671280DB35B00EC3D30 /* CoreDataStack.swift in Sources */,
				F868D65C280DAD4600EC3D30 /* TrackListView.swift in Sources */,
				F868D68E280DC26D00EC3D30 /* ContentView.swift in Sources */,
				F868D6BE280F195A00EC3D30 /* Appearance.swift in Sources */,
				F868D67B280DB4D300EC3D30 /* TrackPoint.swift in Sources */,
				F868D6CA280F6C6100EC3D30 /* CodeVersionView.swift in Sources */,
				F868D6A7280E298300EC3D30 /* MapViewCoordinator.swift in Sources */,
				F868D688280DBCAA00EC3D30 /* TrackDetailView.swift in Sources */,
				F868D684280DB63400EC3D30 /* LocationManager.swift in Sources */,
				F868D69E280E143100EC3D30 /* UIView+pin.swift in Sources */,
				F868D695280DEF9900EC3D30 /* TrackDetailsView.swift in Sources */,
				F868D6B5280F06F100EC3D30 /* AAButtonStyle.swift in Sources */,
				F868D6A1280E1FBE00EC3D30 /* MapViewHelper.swift in Sources */,
				F868D6B2280EF91D00EC3D30 /* Color+.swift in Sources */,
				F868D66F280DB2E200EC3D30 /* AppInfo.swift in Sources */,
				F868D698280DF99400EC3D30 /* MapView.swift in Sources */,
				F868D67E280DB5DA00EC3D30 /* TrackManager.swift in Sources */,
				F868D65A280DAD4600EC3D30 /* ATracksApp.swift in Sources */,
				F868D66D280DAE3200EC3D30 /* ATracks.xcdatamodeld in Sources */,
				F868D6C6280F479200EC3D30 /* HealthKitManager.swift in Sources */,
				F868D68B280DBD7400EC3D30 /* TrackRow.swift in Sources */,
				F868D681280DB5F800EC3D30 /* Date+.swift in Sources */,
				F868D675280DB40A00EC3D30 /* Track.swift in Sources */,
				F868D678280DB44B00EC3D30 /* DataType.swift in Sources */,
				F868D6B8280F10E800EC3D30 /* Color+iOS.swift in Sources */,
				F868D69B280E0C2000EC3D30 /* TimeInterval+.swift in Sources */,
				F868D6C8280F6C5000EC3D30 /* SettingsView.swift in Sources */,
			);
			runOnlyForDeploymentPostprocessing = 0;
		};
		F868D653280DAD4600EC3D30 /* Sources */ = {
			isa = PBXSourcesBuildPhase;
			buildActionMask = 2147483647;
			files = (
				F868D682280DB5F800EC3D30 /* Date+.swift in Sources */,
				F868D696280DEF9900EC3D30 /* TrackDetailsView.swift in Sources */,
				F868D689280DBCAA00EC3D30 /* TrackDetailView.swift in Sources */,
				F868D6A8280E298300EC3D30 /* MapViewCoordinator.swift in Sources */,
				F868D6C0280F1A5800EC3D30 /* Appearance.swift in Sources */,
				F868D672280DB35B00EC3D30 /* CoreDataStack.swift in Sources */,
				F868D67C280DB4D300EC3D30 /* TrackPoint.swift in Sources */,
				F868D6AA280E2AD000EC3D30 /* MapView.swift in Sources */,
				F868D679280DB44B00EC3D30 /* DataType.swift in Sources */,
				F868D6A2280E1FBE00EC3D30 /* MapViewHelper.swift in Sources */,
				F868D68C280DBD7400EC3D30 /* TrackRow.swift in Sources */,
				F868D676280DB40A00EC3D30 /* Track.swift in Sources */,
				F868D673280DB35F00EC3D30 /* AppInfo.swift in Sources */,
				F868D6B1280EF13800EC3D30 /* Color+.swift in Sources */,
				F868D67F280DB5DA00EC3D30 /* TrackManager.swift in Sources */,
				F868D68F280DC26D00EC3D30 /* ContentView.swift in Sources */,
				F868D69C280E0C2000EC3D30 /* TimeInterval+.swift in Sources */,
				F868D65D280DAD4600EC3D30 /* TrackListView.swift in Sources */,
				F868D6BC280F13F600EC3D30 /* Color+macOS.swift in Sources */,
				F868D6AB280E537900EC3D30 /* ATracks.xcdatamodeld in Sources */,
				F868D65B280DAD4600EC3D30 /* ATracksApp.swift in Sources */,
			);
			runOnlyForDeploymentPostprocessing = 0;
		};
/* End PBXSourcesBuildPhase section */

/* Begin XCBuildConfiguration section */
		F868D660280DAD4600EC3D30 /* Debug */ = {
			isa = XCBuildConfiguration;
			buildSettings = {
				ALWAYS_SEARCH_USER_PATHS = NO;
				CLANG_ANALYZER_NONNULL = YES;
				CLANG_ANALYZER_NUMBER_OBJECT_CONVERSION = YES_AGGRESSIVE;
				CLANG_CXX_LANGUAGE_STANDARD = "gnu++17";
				CLANG_ENABLE_MODULES = YES;
				CLANG_ENABLE_OBJC_ARC = YES;
				CLANG_ENABLE_OBJC_WEAK = YES;
				CLANG_WARN_BLOCK_CAPTURE_AUTORELEASING = YES;
				CLANG_WARN_BOOL_CONVERSION = YES;
				CLANG_WARN_COMMA = YES;
				CLANG_WARN_CONSTANT_CONVERSION = YES;
				CLANG_WARN_DEPRECATED_OBJC_IMPLEMENTATIONS = YES;
				CLANG_WARN_DIRECT_OBJC_ISA_USAGE = YES_ERROR;
				CLANG_WARN_DOCUMENTATION_COMMENTS = YES;
				CLANG_WARN_EMPTY_BODY = YES;
				CLANG_WARN_ENUM_CONVERSION = YES;
				CLANG_WARN_INFINITE_RECURSION = YES;
				CLANG_WARN_INT_CONVERSION = YES;
				CLANG_WARN_NON_LITERAL_NULL_CONVERSION = YES;
				CLANG_WARN_OBJC_IMPLICIT_RETAIN_SELF = YES;
				CLANG_WARN_OBJC_LITERAL_CONVERSION = YES;
				CLANG_WARN_OBJC_ROOT_CLASS = YES_ERROR;
				CLANG_WARN_QUOTED_INCLUDE_IN_FRAMEWORK_HEADER = YES;
				CLANG_WARN_RANGE_LOOP_ANALYSIS = YES;
				CLANG_WARN_STRICT_PROTOTYPES = YES;
				CLANG_WARN_SUSPICIOUS_MOVE = YES;
				CLANG_WARN_UNGUARDED_AVAILABILITY = YES_AGGRESSIVE;
				CLANG_WARN_UNREACHABLE_CODE = YES;
				CLANG_WARN__DUPLICATE_METHOD_MATCH = YES;
				COPY_PHASE_STRIP = NO;
				DEBUG_INFORMATION_FORMAT = dwarf;
				ENABLE_STRICT_OBJC_MSGSEND = YES;
				ENABLE_TESTABILITY = YES;
				GCC_C_LANGUAGE_STANDARD = gnu11;
				GCC_DYNAMIC_NO_PIC = NO;
				GCC_NO_COMMON_BLOCKS = YES;
				GCC_OPTIMIZATION_LEVEL = 0;
				GCC_PREPROCESSOR_DEFINITIONS = (
					"DEBUG=1",
					"$(inherited)",
				);
				GCC_WARN_64_TO_32_BIT_CONVERSION = YES;
				GCC_WARN_ABOUT_RETURN_TYPE = YES_ERROR;
				GCC_WARN_UNDECLARED_SELECTOR = YES;
				GCC_WARN_UNINITIALIZED_AUTOS = YES_AGGRESSIVE;
				GCC_WARN_UNUSED_FUNCTION = YES;
				GCC_WARN_UNUSED_VARIABLE = YES;
				MTL_ENABLE_DEBUG_INFO = INCLUDE_SOURCE;
				MTL_FAST_MATH = YES;
				ONLY_ACTIVE_ARCH = YES;
				SWIFT_ACTIVE_COMPILATION_CONDITIONS = DEBUG;
				SWIFT_OPTIMIZATION_LEVEL = "-Onone";
			};
			name = Debug;
		};
		F868D661280DAD4600EC3D30 /* Release */ = {
			isa = XCBuildConfiguration;
			buildSettings = {
				ALWAYS_SEARCH_USER_PATHS = NO;
				CLANG_ANALYZER_NONNULL = YES;
				CLANG_ANALYZER_NUMBER_OBJECT_CONVERSION = YES_AGGRESSIVE;
				CLANG_CXX_LANGUAGE_STANDARD = "gnu++17";
				CLANG_ENABLE_MODULES = YES;
				CLANG_ENABLE_OBJC_ARC = YES;
				CLANG_ENABLE_OBJC_WEAK = YES;
				CLANG_WARN_BLOCK_CAPTURE_AUTORELEASING = YES;
				CLANG_WARN_BOOL_CONVERSION = YES;
				CLANG_WARN_COMMA = YES;
				CLANG_WARN_CONSTANT_CONVERSION = YES;
				CLANG_WARN_DEPRECATED_OBJC_IMPLEMENTATIONS = YES;
				CLANG_WARN_DIRECT_OBJC_ISA_USAGE = YES_ERROR;
				CLANG_WARN_DOCUMENTATION_COMMENTS = YES;
				CLANG_WARN_EMPTY_BODY = YES;
				CLANG_WARN_ENUM_CONVERSION = YES;
				CLANG_WARN_INFINITE_RECURSION = YES;
				CLANG_WARN_INT_CONVERSION = YES;
				CLANG_WARN_NON_LITERAL_NULL_CONVERSION = YES;
				CLANG_WARN_OBJC_IMPLICIT_RETAIN_SELF = YES;
				CLANG_WARN_OBJC_LITERAL_CONVERSION = YES;
				CLANG_WARN_OBJC_ROOT_CLASS = YES_ERROR;
				CLANG_WARN_QUOTED_INCLUDE_IN_FRAMEWORK_HEADER = YES;
				CLANG_WARN_RANGE_LOOP_ANALYSIS = YES;
				CLANG_WARN_STRICT_PROTOTYPES = YES;
				CLANG_WARN_SUSPICIOUS_MOVE = YES;
				CLANG_WARN_UNGUARDED_AVAILABILITY = YES_AGGRESSIVE;
				CLANG_WARN_UNREACHABLE_CODE = YES;
				CLANG_WARN__DUPLICATE_METHOD_MATCH = YES;
				COPY_PHASE_STRIP = NO;
				DEBUG_INFORMATION_FORMAT = "dwarf-with-dsym";
				ENABLE_NS_ASSERTIONS = NO;
				ENABLE_STRICT_OBJC_MSGSEND = YES;
				GCC_C_LANGUAGE_STANDARD = gnu11;
				GCC_NO_COMMON_BLOCKS = YES;
				GCC_WARN_64_TO_32_BIT_CONVERSION = YES;
				GCC_WARN_ABOUT_RETURN_TYPE = YES_ERROR;
				GCC_WARN_UNDECLARED_SELECTOR = YES;
				GCC_WARN_UNINITIALIZED_AUTOS = YES_AGGRESSIVE;
				GCC_WARN_UNUSED_FUNCTION = YES;
				GCC_WARN_UNUSED_VARIABLE = YES;
				MTL_ENABLE_DEBUG_INFO = NO;
				MTL_FAST_MATH = YES;
				SWIFT_COMPILATION_MODE = wholemodule;
				SWIFT_OPTIMIZATION_LEVEL = "-O";
			};
			name = Release;
		};
		F868D663280DAD4600EC3D30 /* Debug */ = {
			isa = XCBuildConfiguration;
			buildSettings = {
				ASSETCATALOG_COMPILER_APPICON_NAME = AppIcon;
				ASSETCATALOG_COMPILER_GLOBAL_ACCENT_COLOR_NAME = AccentColor;
				ASSETCATALOG_COMPILER_INCLUDE_ALL_APPICON_ASSETS = YES;
				CODE_SIGN_ENTITLEMENTS = "ATracks (iOS).entitlements";
				CODE_SIGN_STYLE = Automatic;
				CURRENT_PROJECT_VERSION = 5;
				DEVELOPMENT_TEAM = 37H8X6K6NN;
				ENABLE_PREVIEWS = YES;
				GENERATE_INFOPLIST_FILE = YES;
				INFOPLIST_FILE = "ATracks--iOS--Info.plist";
				INFOPLIST_KEY_NSHealthClinicalHealthRecordsShareUsageDescription = "This app needs access to Health data in order to track steps.";
				INFOPLIST_KEY_NSHealthShareUsageDescription = "This app needs to access Health data in order to track steps.";
				INFOPLIST_KEY_NSLocationAlwaysAndWhenInUseUsageDescription = "This app needs to access your location in order to perform tracking.";
				INFOPLIST_KEY_NSLocationWhenInUseUsageDescription = "This app needs to access your location in order to perform tracking.";
				INFOPLIST_KEY_UIApplicationSceneManifest_Generation = YES;
				INFOPLIST_KEY_UIApplicationSupportsIndirectInputEvents = YES;
				INFOPLIST_KEY_UILaunchScreen_Generation = YES;
				INFOPLIST_KEY_UISupportedInterfaceOrientations_iPad = "UIInterfaceOrientationPortrait UIInterfaceOrientationPortraitUpsideDown UIInterfaceOrientationLandscapeLeft UIInterfaceOrientationLandscapeRight";
				INFOPLIST_KEY_UISupportedInterfaceOrientations_iPhone = "UIInterfaceOrientationPortrait UIInterfaceOrientationLandscapeLeft UIInterfaceOrientationLandscapeRight";
				IPHONEOS_DEPLOYMENT_TARGET = 15.4;
				LD_RUNPATH_SEARCH_PATHS = (
					"$(inherited)",
					"@executable_path/Frameworks",
				);
				MARKETING_VERSION = 0.5;
				PRODUCT_BUNDLE_IDENTIFIER = com.AvantiApplications.ATracks;
				PRODUCT_NAME = ATracks;
				SDKROOT = iphoneos;
				SWIFT_EMIT_LOC_STRINGS = YES;
				SWIFT_VERSION = 5.0;
				TARGETED_DEVICE_FAMILY = "1,2";
			};
			name = Debug;
		};
		F868D664280DAD4600EC3D30 /* Release */ = {
			isa = XCBuildConfiguration;
			buildSettings = {
				ASSETCATALOG_COMPILER_APPICON_NAME = AppIcon;
				ASSETCATALOG_COMPILER_GLOBAL_ACCENT_COLOR_NAME = AccentColor;
				ASSETCATALOG_COMPILER_INCLUDE_ALL_APPICON_ASSETS = YES;
				CODE_SIGN_ENTITLEMENTS = "ATracks (iOS).entitlements";
				CODE_SIGN_STYLE = Automatic;
				CURRENT_PROJECT_VERSION = 5;
				DEVELOPMENT_TEAM = 37H8X6K6NN;
				ENABLE_PREVIEWS = YES;
				GENERATE_INFOPLIST_FILE = YES;
				INFOPLIST_FILE = "ATracks--iOS--Info.plist";
				INFOPLIST_KEY_NSHealthClinicalHealthRecordsShareUsageDescription = "This app needs access to Health data in order to track steps.";
				INFOPLIST_KEY_NSHealthShareUsageDescription = "This app needs to access Health data in order to track steps.";
				INFOPLIST_KEY_NSLocationAlwaysAndWhenInUseUsageDescription = "This app needs to access your location in order to perform tracking.";
				INFOPLIST_KEY_NSLocationWhenInUseUsageDescription = "This app needs to access your location in order to perform tracking.";
				INFOPLIST_KEY_UIApplicationSceneManifest_Generation = YES;
				INFOPLIST_KEY_UIApplicationSupportsIndirectInputEvents = YES;
				INFOPLIST_KEY_UILaunchScreen_Generation = YES;
				INFOPLIST_KEY_UISupportedInterfaceOrientations_iPad = "UIInterfaceOrientationPortrait UIInterfaceOrientationPortraitUpsideDown UIInterfaceOrientationLandscapeLeft UIInterfaceOrientationLandscapeRight";
				INFOPLIST_KEY_UISupportedInterfaceOrientations_iPhone = "UIInterfaceOrientationPortrait UIInterfaceOrientationLandscapeLeft UIInterfaceOrientationLandscapeRight";
				IPHONEOS_DEPLOYMENT_TARGET = 15.4;
				LD_RUNPATH_SEARCH_PATHS = (
					"$(inherited)",
					"@executable_path/Frameworks",
				);
				MARKETING_VERSION = 0.5;
				PRODUCT_BUNDLE_IDENTIFIER = com.AvantiApplications.ATracks;
				PRODUCT_NAME = ATracks;
				SDKROOT = iphoneos;
				SWIFT_EMIT_LOC_STRINGS = YES;
				SWIFT_VERSION = 5.0;
				TARGETED_DEVICE_FAMILY = "1,2";
				VALIDATE_PRODUCT = YES;
			};
			name = Release;
		};
		F868D666280DAD4600EC3D30 /* Debug */ = {
			isa = XCBuildConfiguration;
			buildSettings = {
				ASSETCATALOG_COMPILER_APPICON_NAME = AppIcon;
				ASSETCATALOG_COMPILER_GLOBAL_ACCENT_COLOR_NAME = AccentColor;
				ASSETCATALOG_COMPILER_INCLUDE_ALL_APPICON_ASSETS = YES;
				CODE_SIGN_ENTITLEMENTS = macOS/macOS.entitlements;
				CODE_SIGN_STYLE = Automatic;
				COMBINE_HIDPI_IMAGES = YES;
				CURRENT_PROJECT_VERSION = 3;
				DEVELOPMENT_TEAM = 37H8X6K6NN;
				ENABLE_HARDENED_RUNTIME = YES;
				ENABLE_PREVIEWS = YES;
				GENERATE_INFOPLIST_FILE = YES;
				INFOPLIST_KEY_NSHumanReadableCopyright = "";
				LD_RUNPATH_SEARCH_PATHS = (
					"$(inherited)",
					"@executable_path/../Frameworks",
				);
				MACOSX_DEPLOYMENT_TARGET = 12.3;
				MARKETING_VERSION = 0.5;
				PRODUCT_BUNDLE_IDENTIFIER = com.AvantiApplications.ATracks;
				PRODUCT_NAME = ATracks;
				SDKROOT = macosx;
				SWIFT_EMIT_LOC_STRINGS = YES;
				SWIFT_VERSION = 5.0;
			};
			name = Debug;
		};
		F868D667280DAD4600EC3D30 /* Release */ = {
			isa = XCBuildConfiguration;
			buildSettings = {
				ASSETCATALOG_COMPILER_APPICON_NAME = AppIcon;
				ASSETCATALOG_COMPILER_GLOBAL_ACCENT_COLOR_NAME = AccentColor;
				ASSETCATALOG_COMPILER_INCLUDE_ALL_APPICON_ASSETS = YES;
				CODE_SIGN_ENTITLEMENTS = macOS/macOS.entitlements;
				CODE_SIGN_STYLE = Automatic;
				COMBINE_HIDPI_IMAGES = YES;
				CURRENT_PROJECT_VERSION = 3;
				DEVELOPMENT_TEAM = 37H8X6K6NN;
				ENABLE_HARDENED_RUNTIME = YES;
				ENABLE_PREVIEWS = YES;
				GENERATE_INFOPLIST_FILE = YES;
				INFOPLIST_KEY_NSHumanReadableCopyright = "";
				LD_RUNPATH_SEARCH_PATHS = (
					"$(inherited)",
					"@executable_path/../Frameworks",
				);
				MACOSX_DEPLOYMENT_TARGET = 12.3;
				MARKETING_VERSION = 0.5;
				PRODUCT_BUNDLE_IDENTIFIER = com.AvantiApplications.ATracks;
				PRODUCT_NAME = ATracks;
				SDKROOT = macosx;
				SWIFT_EMIT_LOC_STRINGS = YES;
				SWIFT_VERSION = 5.0;
			};
			name = Release;
		};
/* End XCBuildConfiguration section */

/* Begin XCConfigurationList section */
		F868D648280DAD4500EC3D30 /* Build configuration list for PBXProject "ATracks" */ = {
			isa = XCConfigurationList;
			buildConfigurations = (
				F868D660280DAD4600EC3D30 /* Debug */,
				F868D661280DAD4600EC3D30 /* Release */,
			);
			defaultConfigurationIsVisible = 0;
			defaultConfigurationName = Release;
		};
		F868D662280DAD4600EC3D30 /* Build configuration list for PBXNativeTarget "ATracks (iOS)" */ = {
			isa = XCConfigurationList;
			buildConfigurations = (
				F868D663280DAD4600EC3D30 /* Debug */,
				F868D664280DAD4600EC3D30 /* Release */,
			);
			defaultConfigurationIsVisible = 0;
			defaultConfigurationName = Release;
		};
		F868D665280DAD4600EC3D30 /* Build configuration list for PBXNativeTarget "ATracks (macOS)" */ = {
			isa = XCConfigurationList;
			buildConfigurations = (
				F868D666280DAD4600EC3D30 /* Debug */,
				F868D667280DAD4600EC3D30 /* Release */,
			);
			defaultConfigurationIsVisible = 0;
			defaultConfigurationName = Release;
		};
/* End XCConfigurationList section */

/* Begin XCVersionGroup section */
		F868D66B280DAE3200EC3D30 /* ATracks.xcdatamodeld */ = {
			isa = XCVersionGroup;
			children = (
				F868D66C280DAE3200EC3D30 /* ATracks.xcdatamodel */,
			);
			currentVersion = F868D66C280DAE3200EC3D30 /* ATracks.xcdatamodel */;
			path = ATracks.xcdatamodeld;
			sourceTree = "<group>";
			versionGroupType = wrapper.xcdatamodel;
		};
/* End XCVersionGroup section */
	};
	rootObject = F868D645280DAD4500EC3D30 /* Project object */;
}
